PODS:
  - SDWebImage (5.19.1):
    - SDWebImage/Core (= 5.19.1)
  - SDWebImage/Core (5.19.1)
  - SDWebImageSwiftUI (2.2.7):
    - SDWebImage (~> 5.10)

DEPENDENCIES:
  - SDWebImageSwiftUI (~> 2.2.0)

SPEC REPOS:
  trunk:
    - SDWebImage
    - SDWebImageSwiftUI

SPEC CHECKSUMS:
  SDWebImage: 40b0b4053e36c660a764958bff99eed16610acbb
  SDWebImageSwiftUI: 65a2c8b4b0d9577f2e11556cb163cc4613b9ee54

PODFILE CHECKSUM: 12d48f4678b2535a3e9fd9bdcf549f3715d63480

COCOAPODS: 1.15.2
