// !$*UTF8*$!
{
	archiveVersion = 1;
	classes = {
	};
	objectVersion = 56;
	objects = {

/* Begin PBXBuildFile section */
		9F0265252B84DF5F001F1AD3 /* SwiftUIPokedexApp.swift in Sources */ = {isa = PBXBuildFile; fileRef = 9F0265242B84DF5F001F1AD3 /* SwiftUIPokedexApp.swift */; };
		9F0265272B84DF5F001F1AD3 /* ContentView.swift in Sources */ = {isa = PBXBuildFile; fileRef = 9F0265262B84DF5F001F1AD3 /* ContentView.swift */; };
		9F0265292B84DF60001F1AD3 /* Assets.xcassets in Resources */ = {isa = PBXBuildFile; fileRef = 9F0265282B84DF60001F1AD3 /* Assets.xcassets */; };
		9F02652C2B84DF60001F1AD3 /* Preview Assets.xcassets in Resources */ = {isa = PBXBuildFile; fileRef = 9F02652B2B84DF60001F1AD3 /* Preview Assets.xcassets */; };
		9F0265332B84E0FF001F1AD3 /* README.md in Resources */ = {isa = PBXBuildFile; fileRef = 9F0265322B84E0FF001F1AD3 /* README.md */; };
		9FBE4FB32B874D6C00EA8ED7 /* Poppins-Light.ttf in Resources */ = {isa = PBXBuildFile; fileRef = 9FBE4FA12B874D6B00EA8ED7 /* Poppins-Light.ttf */; };
		9FBE4FB42B874D6C00EA8ED7 /* Poppins-Thin.ttf in Resources */ = {isa = PBXBuildFile; fileRef = 9FBE4FA22B874D6B00EA8ED7 /* Poppins-Thin.ttf */; };
		9FBE4FB82B874D6C00EA8ED7 /* Poppins-SemiBold.ttf in Resources */ = {isa = PBXBuildFile; fileRef = 9FBE4FA62B874D6B00EA8ED7 /* Poppins-SemiBold.ttf */; };
		9FBE4FBA2B874D6C00EA8ED7 /* Poppins-Black.ttf in Resources */ = {isa = PBXBuildFile; fileRef = 9FBE4FA82B874D6B00EA8ED7 /* Poppins-Black.ttf */; };
		9FBE4FBB2B874D6C00EA8ED7 /* Poppins-ExtraBold.ttf in Resources */ = {isa = PBXBuildFile; fileRef = 9FBE4FA92B874D6B00EA8ED7 /* Poppins-ExtraBold.ttf */; };
		9FBE4FBC2B874D6C00EA8ED7 /* Poppins-Medium.ttf in Resources */ = {isa = PBXBuildFile; fileRef = 9FBE4FAA2B874D6B00EA8ED7 /* Poppins-Medium.ttf */; };
		9FBE4FC02B874D6C00EA8ED7 /* Poppins-Bold.ttf in Resources */ = {isa = PBXBuildFile; fileRef = 9FBE4FAE2B874D6B00EA8ED7 /* Poppins-Bold.ttf */; };
		9FBE4FC32B874D6C00EA8ED7 /* Poppins-Regular.ttf in Resources */ = {isa = PBXBuildFile; fileRef = 9FBE4FB12B874D6C00EA8ED7 /* Poppins-Regular.ttf */; };
		9FBE4FC42B874D6C00EA8ED7 /* Poppins-ExtraLight.ttf in Resources */ = {isa = PBXBuildFile; fileRef = 9FBE4FB22B874D6C00EA8ED7 /* Poppins-ExtraLight.ttf */; };
		9FBE4FC92B874F1000EA8ED7 /* NavigationButton.swift in Sources */ = {isa = PBXBuildFile; fileRef = 9FBE4FC82B874F1000EA8ED7 /* NavigationButton.swift */; };
		9FBE4FCC2B875AA900EA8ED7 /* ColorExt.swift in Sources */ = {isa = PBXBuildFile; fileRef = 9FBE4FCB2B875AA900EA8ED7 /* ColorExt.swift */; };
/* End PBXBuildFile section */

/* Begin PBXFileReference section */
		9F0265212B84DF5F001F1AD3 /* SwiftUIPokedex.app */ = {isa = PBXFileReference; explicitFileType = wrapper.application; includeInIndex = 0; path = SwiftUIPokedex.app; sourceTree = BUILT_PRODUCTS_DIR; };
		9F0265242B84DF5F001F1AD3 /* SwiftUIPokedexApp.swift */ = {isa = PBXFileReference; lastKnownFileType = sourcecode.swift; path = SwiftUIPokedexApp.swift; sourceTree = "<group>"; };
		9F0265262B84DF5F001F1AD3 /* ContentView.swift */ = {isa = PBXFileReference; lastKnownFileType = sourcecode.swift; path = ContentView.swift; sourceTree = "<group>"; };
		9F0265282B84DF60001F1AD3 /* Assets.xcassets */ = {isa = PBXFileReference; lastKnownFileType = folder.assetcatalog; path = Assets.xcassets; sourceTree = "<group>"; };
		9F02652B2B84DF60001F1AD3 /* Preview Assets.xcassets */ = {isa = PBXFileReference; lastKnownFileType = folder.assetcatalog; path = "Preview Assets.xcassets"; sourceTree = "<group>"; };
		9F0265322B84E0FF001F1AD3 /* README.md */ = {isa = PBXFileReference; fileEncoding = 4; lastKnownFileType = net.daringfireball.markdown; path = README.md; sourceTree = "<group>"; };
		9FBE4FA12B874D6B00EA8ED7 /* Poppins-Light.ttf */ = {isa = PBXFileReference; lastKnownFileType = file; path = "Poppins-Light.ttf"; sourceTree = "<group>"; };
		9FBE4FA22B874D6B00EA8ED7 /* Poppins-Thin.ttf */ = {isa = PBXFileReference; lastKnownFileType = file; path = "Poppins-Thin.ttf"; sourceTree = "<group>"; };
		9FBE4FA62B874D6B00EA8ED7 /* Poppins-SemiBold.ttf */ = {isa = PBXFileReference; lastKnownFileType = file; path = "Poppins-SemiBold.ttf"; sourceTree = "<group>"; };
		9FBE4FA82B874D6B00EA8ED7 /* Poppins-Black.ttf */ = {isa = PBXFileReference; lastKnownFileType = file; path = "Poppins-Black.ttf"; sourceTree = "<group>"; };
		9FBE4FA92B874D6B00EA8ED7 /* Poppins-ExtraBold.ttf */ = {isa = PBXFileReference; lastKnownFileType = file; path = "Poppins-ExtraBold.ttf"; sourceTree = "<group>"; };
		9FBE4FAA2B874D6B00EA8ED7 /* Poppins-Medium.ttf */ = {isa = PBXFileReference; lastKnownFileType = file; path = "Poppins-Medium.ttf"; sourceTree = "<group>"; };
		9FBE4FAE2B874D6B00EA8ED7 /* Poppins-Bold.ttf */ = {isa = PBXFileReference; lastKnownFileType = file; path = "Poppins-Bold.ttf"; sourceTree = "<group>"; };
		9FBE4FB12B874D6C00EA8ED7 /* Poppins-Regular.ttf */ = {isa = PBXFileReference; lastKnownFileType = file; path = "Poppins-Regular.ttf"; sourceTree = "<group>"; };
		9FBE4FB22B874D6C00EA8ED7 /* Poppins-ExtraLight.ttf */ = {isa = PBXFileReference; lastKnownFileType = file; path = "Poppins-ExtraLight.ttf"; sourceTree = "<group>"; };
		9FBE4FC62B874E0500EA8ED7 /* Info.plist */ = {isa = PBXFileReference; lastKnownFileType = text.plist; path = Info.plist; sourceTree = "<group>"; };
		9FBE4FC82B874F1000EA8ED7 /* NavigationButton.swift */ = {isa = PBXFileReference; lastKnownFileType = sourcecode.swift; path = NavigationButton.swift; sourceTree = "<group>"; };
		9FBE4FCB2B875AA900EA8ED7 /* ColorExt.swift */ = {isa = PBXFileReference; lastKnownFileType = sourcecode.swift; path = ColorExt.swift; sourceTree = "<group>"; };
/* End PBXFileReference section */

/* Begin PBXFrameworksBuildPhase section */
		9F02651E2B84DF5F001F1AD3 /* Frameworks */ = {
			isa = PBXFrameworksBuildPhase;
			buildActionMask = 2147483647;
			files = (
			);
			runOnlyForDeploymentPostprocessing = 0;
		};
/* End PBXFrameworksBuildPhase section */

/* Begin PBXGroup section */
		9F0265182B84DF5F001F1AD3 = {
			isa = PBXGroup;
			children = (
				9F0265322B84E0FF001F1AD3 /* README.md */,
				9F0265232B84DF5F001F1AD3 /* SwiftUIPokedex */,
				9F0265222B84DF5F001F1AD3 /* Products */,
			);
			sourceTree = "<group>";
		};
		9F0265222B84DF5F001F1AD3 /* Products */ = {
			isa = PBXGroup;
			children = (
				9F0265212B84DF5F001F1AD3 /* SwiftUIPokedex.app */,
			);
			name = Products;
			sourceTree = "<group>";
		};
		9F0265232B84DF5F001F1AD3 /* SwiftUIPokedex */ = {
			isa = PBXGroup;
			children = (
				9FBE4FCA2B875A9800EA8ED7 /* Util */,
				9FBE4FC72B874EF100EA8ED7 /* Components */,
				9FBE4FC62B874E0500EA8ED7 /* Info.plist */,
				9FBE4FC52B874D7F00EA8ED7 /* Fonts */,
				9F0265242B84DF5F001F1AD3 /* SwiftUIPokedexApp.swift */,
				9F0265262B84DF5F001F1AD3 /* ContentView.swift */,
				9F0265282B84DF60001F1AD3 /* Assets.xcassets */,
				9F02652A2B84DF60001F1AD3 /* Preview Content */,
			);
			path = SwiftUIPokedex;
			sourceTree = "<group>";
		};
		9F02652A2B84DF60001F1AD3 /* Preview Content */ = {
			isa = PBXGroup;
			children = (
				9F02652B2B84DF60001F1AD3 /* Preview Assets.xcassets */,
			);
			path = "Preview Content";
			sourceTree = "<group>";
		};
		9FBE4FC52B874D7F00EA8ED7 /* Fonts */ = {
			isa = PBXGroup;
			children = (
				9FBE4FA82B874D6B00EA8ED7 /* Poppins-Black.ttf */,
				9FBE4FAE2B874D6B00EA8ED7 /* Poppins-Bold.ttf */,
				9FBE4FA92B874D6B00EA8ED7 /* Poppins-ExtraBold.ttf */,
				9FBE4FB22B874D6C00EA8ED7 /* Poppins-ExtraLight.ttf */,
				9FBE4FA12B874D6B00EA8ED7 /* Poppins-Light.ttf */,
				9FBE4FAA2B874D6B00EA8ED7 /* Poppins-Medium.ttf */,
				9FBE4FB12B874D6C00EA8ED7 /* Poppins-Regular.ttf */,
				9FBE4FA62B874D6B00EA8ED7 /* Poppins-SemiBold.ttf */,
				9FBE4FA22B874D6B00EA8ED7 /* Poppins-Thin.ttf */,
			);
			path = Fonts;
			sourceTree = "<group>";
		};
		9FBE4FC72B874EF100EA8ED7 /* Components */ = {
			isa = PBXGroup;
			children = (
				9FBE4FC82B874F1000EA8ED7 /* NavigationButton.swift */,
			);
			path = Components;
			sourceTree = "<group>";
		};
		9FBE4FCA2B875A9800EA8ED7 /* Util */ = {
			isa = PBXGroup;
			children = (
				9FBE4FCB2B875AA900EA8ED7 /* ColorExt.swift */,
			);
			path = Util;
			sourceTree = "<group>";
		};
/* End PBXGroup section */

/* Begin PBXNativeTarget section */
		9F0265202B84DF5F001F1AD3 /* SwiftUIPokedex */ = {
			isa = PBXNativeTarget;
			buildConfigurationList = 9F02652F2B84DF60001F1AD3 /* Build configuration list for PBXNativeTarget "SwiftUIPokedex" */;
			buildPhases = (
				9F02651D2B84DF5F001F1AD3 /* Sources */,
				9F02651E2B84DF5F001F1AD3 /* Frameworks */,
				9F02651F2B84DF5F001F1AD3 /* Resources */,
			);
			buildRules = (
			);
			dependencies = (
			);
			name = SwiftUIPokedex;
			productName = SwiftUIPokedex;
			productReference = 9F0265212B84DF5F001F1AD3 /* SwiftUIPokedex.app */;
			productType = "com.apple.product-type.application";
		};
/* End PBXNativeTarget section */

/* Begin PBXProject section */
		9F0265192B84DF5F001F1AD3 /* Project object */ = {
			isa = PBXProject;
			attributes = {
				BuildIndependentTargetsInParallel = 1;
				LastSwiftUpdateCheck = 1500;
				LastUpgradeCheck = 1500;
				TargetAttributes = {
					9F0265202B84DF5F001F1AD3 = {
						CreatedOnToolsVersion = 15.0.1;
					};
				};
			};
			buildConfigurationList = 9F02651C2B84DF5F001F1AD3 /* Build configuration list for PBXProject "SwiftUIPokedex" */;
			compatibilityVersion = "Xcode 14.0";
			developmentRegion = en;
			hasScannedForEncodings = 0;
			knownRegions = (
				en,
				Base,
			);
			mainGroup = 9F0265182B84DF5F001F1AD3;
			productRefGroup = 9F0265222B84DF5F001F1AD3 /* Products */;
			projectDirPath = "";
			projectRoot = "";
			targets = (
				9F0265202B84DF5F001F1AD3 /* SwiftUIPokedex */,
			);
		};
/* End PBXProject section */

/* Begin PBXResourcesBuildPhase section */
		9F02651F2B84DF5F001F1AD3 /* Resources */ = {
			isa = PBXResourcesBuildPhase;
			buildActionMask = 2147483647;
			files = (
				9F0265332B84E0FF001F1AD3 /* README.md in Resources */,
				9FBE4FC42B874D6C00EA8ED7 /* Poppins-ExtraLight.ttf in Resources */,
				9FBE4FBC2B874D6C00EA8ED7 /* Poppins-Medium.ttf in Resources */,
				9F02652C2B84DF60001F1AD3 /* Preview Assets.xcassets in Resources */,
				9FBE4FBB2B874D6C00EA8ED7 /* Poppins-ExtraBold.ttf in Resources */,
				9F0265292B84DF60001F1AD3 /* Assets.xcassets in Resources */,
				9FBE4FB82B874D6C00EA8ED7 /* Poppins-SemiBold.ttf in Resources */,
				9FBE4FC02B874D6C00EA8ED7 /* Poppins-Bold.ttf in Resources */,
				9FBE4FB32B874D6C00EA8ED7 /* Poppins-Light.ttf in Resources */,
				9FBE4FBA2B874D6C00EA8ED7 /* Poppins-Black.ttf in Resources */,
				9FBE4FB42B874D6C00EA8ED7 /* Poppins-Thin.ttf in Resources */,
				9FBE4FC32B874D6C00EA8ED7 /* Poppins-Regular.ttf in Resources */,
			);
			runOnlyForDeploymentPostprocessing = 0;
		};
/* End PBXResourcesBuildPhase section */

/* Begin PBXSourcesBuildPhase section */
		9F02651D2B84DF5F001F1AD3 /* Sources */ = {
			isa = PBXSourcesBuildPhase;
			buildActionMask = 2147483647;
			files = (
				9F0265272B84DF5F001F1AD3 /* ContentView.swift in Sources */,
				9FBE4FCC2B875AA900EA8ED7 /* ColorExt.swift in Sources */,
				9F0265252B84DF5F001F1AD3 /* SwiftUIPokedexApp.swift in Sources */,
				9FBE4FC92B874F1000EA8ED7 /* NavigationButton.swift in Sources */,
			);
			runOnlyForDeploymentPostprocessing = 0;
		};
/* End PBXSourcesBuildPhase section */

/* Begin XCBuildConfiguration section */
		9F02652D2B84DF60001F1AD3 /* Debug */ = {
			isa = XCBuildConfiguration;
			buildSettings = {
				ALWAYS_SEARCH_USER_PATHS = NO;
				ASSETCATALOG_COMPILER_GENERATE_SWIFT_ASSET_SYMBOL_EXTENSIONS = YES;
				CLANG_ANALYZER_NONNULL = YES;
				CLANG_ANALYZER_NUMBER_OBJECT_CONVERSION = YES_AGGRESSIVE;
				CLANG_CXX_LANGUAGE_STANDARD = "gnu++20";
				CLANG_ENABLE_MODULES = YES;
				CLANG_ENABLE_OBJC_ARC = YES;
				CLANG_ENABLE_OBJC_WEAK = YES;
				CLANG_WARN_BLOCK_CAPTURE_AUTORELEASING = YES;
				CLANG_WARN_BOOL_CONVERSION = YES;
				CLANG_WARN_COMMA = YES;
				CLANG_WARN_CONSTANT_CONVERSION = YES;
				CLANG_WARN_DEPRECATED_OBJC_IMPLEMENTATIONS = YES;
				CLANG_WARN_DIRECT_OBJC_ISA_USAGE = YES_ERROR;
				CLANG_WARN_DOCUMENTATION_COMMENTS = YES;
				CLANG_WARN_EMPTY_BODY = YES;
				CLANG_WARN_ENUM_CONVERSION = YES;
				CLANG_WARN_INFINITE_RECURSION = YES;
				CLANG_WARN_INT_CONVERSION = YES;
				CLANG_WARN_NON_LITERAL_NULL_CONVERSION = YES;
				CLANG_WARN_OBJC_IMPLICIT_RETAIN_SELF = YES;
				CLANG_WARN_OBJC_LITERAL_CONVERSION = YES;
				CLANG_WARN_OBJC_ROOT_CLASS = YES_ERROR;
				CLANG_WARN_QUOTED_INCLUDE_IN_FRAMEWORK_HEADER = YES;
				CLANG_WARN_RANGE_LOOP_ANALYSIS = YES;
				CLANG_WARN_STRICT_PROTOTYPES = YES;
				CLANG_WARN_SUSPICIOUS_MOVE = YES;
				CLANG_WARN_UNGUARDED_AVAILABILITY = YES_AGGRESSIVE;
				CLANG_WARN_UNREACHABLE_CODE = YES;
				CLANG_WARN__DUPLICATE_METHOD_MATCH = YES;
				COPY_PHASE_STRIP = NO;
				DEBUG_INFORMATION_FORMAT = dwarf;
				ENABLE_STRICT_OBJC_MSGSEND = YES;
				ENABLE_TESTABILITY = YES;
				ENABLE_USER_SCRIPT_SANDBOXING = YES;
				GCC_C_LANGUAGE_STANDARD = gnu17;
				GCC_DYNAMIC_NO_PIC = NO;
				GCC_NO_COMMON_BLOCKS = YES;
				GCC_OPTIMIZATION_LEVEL = 0;
				GCC_PREPROCESSOR_DEFINITIONS = (
					"DEBUG=1",
					"$(inherited)",
				);
				GCC_WARN_64_TO_32_BIT_CONVERSION = YES;
				GCC_WARN_ABOUT_RETURN_TYPE = YES_ERROR;
				GCC_WARN_UNDECLARED_SELECTOR = YES;
				GCC_WARN_UNINITIALIZED_AUTOS = YES_AGGRESSIVE;
				GCC_WARN_UNUSED_FUNCTION = YES;
				GCC_WARN_UNUSED_VARIABLE = YES;
				IPHONEOS_DEPLOYMENT_TARGET = 17.0;
				LOCALIZATION_PREFERS_STRING_CATALOGS = YES;
				MTL_ENABLE_DEBUG_INFO = INCLUDE_SOURCE;
				MTL_FAST_MATH = YES;
				ONLY_ACTIVE_ARCH = YES;
				SDKROOT = iphoneos;
				SWIFT_ACTIVE_COMPILATION_CONDITIONS = "DEBUG $(inherited)";
				SWIFT_OPTIMIZATION_LEVEL = "-Onone";
			};
			name = Debug;
		};
		9F02652E2B84DF60001F1AD3 /* Release */ = {
			isa = XCBuildConfiguration;
			buildSettings = {
				ALWAYS_SEARCH_USER_PATHS = NO;
				ASSETCATALOG_COMPILER_GENERATE_SWIFT_ASSET_SYMBOL_EXTENSIONS = YES;
				CLANG_ANALYZER_NONNULL = YES;
				CLANG_ANALYZER_NUMBER_OBJECT_CONVERSION = YES_AGGRESSIVE;
				CLANG_CXX_LANGUAGE_STANDARD = "gnu++20";
				CLANG_ENABLE_MODULES = YES;
				CLANG_ENABLE_OBJC_ARC = YES;
				CLANG_ENABLE_OBJC_WEAK = YES;
				CLANG_WARN_BLOCK_CAPTURE_AUTORELEASING = YES;
				CLANG_WARN_BOOL_CONVERSION = YES;
				CLANG_WARN_COMMA = YES;
				CLANG_WARN_CONSTANT_CONVERSION = YES;
				CLANG_WARN_DEPRECATED_OBJC_IMPLEMENTATIONS = YES;
				CLANG_WARN_DIRECT_OBJC_ISA_USAGE = YES_ERROR;
				CLANG_WARN_DOCUMENTATION_COMMENTS = YES;
				CLANG_WARN_EMPTY_BODY = YES;
				CLANG_WARN_ENUM_CONVERSION = YES;
				CLANG_WARN_INFINITE_RECURSION = YES;
				CLANG_WARN_INT_CONVERSION = YES;
				CLANG_WARN_NON_LITERAL_NULL_CONVERSION = YES;
				CLANG_WARN_OBJC_IMPLICIT_RETAIN_SELF = YES;
				CLANG_WARN_OBJC_LITERAL_CONVERSION = YES;
				CLANG_WARN_OBJC_ROOT_CLASS = YES_ERROR;
				CLANG_WARN_QUOTED_INCLUDE_IN_FRAMEWORK_HEADER = YES;
				CLANG_WARN_RANGE_LOOP_ANALYSIS = YES;
				CLANG_WARN_STRICT_PROTOTYPES = YES;
				CLANG_WARN_SUSPICIOUS_MOVE = YES;
				CLANG_WARN_UNGUARDED_AVAILABILITY = YES_AGGRESSIVE;
				CLANG_WARN_UNREACHABLE_CODE = YES;
				CLANG_WARN__DUPLICATE_METHOD_MATCH = YES;
				COPY_PHASE_STRIP = NO;
				DEBUG_INFORMATION_FORMAT = "dwarf-with-dsym";
				ENABLE_NS_ASSERTIONS = NO;
				ENABLE_STRICT_OBJC_MSGSEND = YES;
				ENABLE_USER_SCRIPT_SANDBOXING = YES;
				GCC_C_LANGUAGE_STANDARD = gnu17;
				GCC_NO_COMMON_BLOCKS = YES;
				GCC_WARN_64_TO_32_BIT_CONVERSION = YES;
				GCC_WARN_ABOUT_RETURN_TYPE = YES_ERROR;
				GCC_WARN_UNDECLARED_SELECTOR = YES;
				GCC_WARN_UNINITIALIZED_AUTOS = YES_AGGRESSIVE;
				GCC_WARN_UNUSED_FUNCTION = YES;
				GCC_WARN_UNUSED_VARIABLE = YES;
				IPHONEOS_DEPLOYMENT_TARGET = 17.0;
				LOCALIZATION_PREFERS_STRING_CATALOGS = YES;
				MTL_ENABLE_DEBUG_INFO = NO;
				MTL_FAST_MATH = YES;
				SDKROOT = iphoneos;
				SWIFT_COMPILATION_MODE = wholemodule;
				VALIDATE_PRODUCT = YES;
			};
			name = Release;
		};
		9F0265302B84DF60001F1AD3 /* Debug */ = {
			isa = XCBuildConfiguration;
			buildSettings = {
				ASSETCATALOG_COMPILER_APPICON_NAME = AppIcon;
				ASSETCATALOG_COMPILER_GLOBAL_ACCENT_COLOR_NAME = AccentColor;
				CODE_SIGN_STYLE = Automatic;
				CURRENT_PROJECT_VERSION = 1;
				DEVELOPMENT_ASSET_PATHS = "\"SwiftUIPokedex/Preview Content\"";
				DEVELOPMENT_TEAM = 2R5M774GJ7;
				ENABLE_PREVIEWS = YES;
				GENERATE_INFOPLIST_FILE = YES;
				INFOPLIST_FILE = SwiftUIPokedex/Info.plist;
				INFOPLIST_KEY_UIApplicationSceneManifest_Generation = YES;
				INFOPLIST_KEY_UIApplicationSupportsIndirectInputEvents = YES;
				INFOPLIST_KEY_UILaunchScreen_Generation = YES;
				INFOPLIST_KEY_UISupportedInterfaceOrientations_iPad = "UIInterfaceOrientationPortrait UIInterfaceOrientationPortraitUpsideDown UIInterfaceOrientationLandscapeLeft UIInterfaceOrientationLandscapeRight";
				INFOPLIST_KEY_UISupportedInterfaceOrientations_iPhone = "UIInterfaceOrientationPortrait UIInterfaceOrientationLandscapeLeft UIInterfaceOrientationLandscapeRight";
				LD_RUNPATH_SEARCH_PATHS = (
					"$(inherited)",
					"@executable_path/Frameworks",
				);
				MARKETING_VERSION = 1.0;
				PRODUCT_BUNDLE_IDENTIFIER = com.origogi.pokedex.SwiftUIPokedex;
				PRODUCT_NAME = "$(TARGET_NAME)";
				SWIFT_EMIT_LOC_STRINGS = YES;
				SWIFT_VERSION = 5.0;
				TARGETED_DEVICE_FAMILY = "1,2";
			};
			name = Debug;
		};
		9F0265312B84DF60001F1AD3 /* Release */ = {
			isa = XCBuildConfiguration;
			buildSettings = {
				ASSETCATALOG_COMPILER_APPICON_NAME = AppIcon;
				ASSETCATALOG_COMPILER_GLOBAL_ACCENT_COLOR_NAME = AccentColor;
				CODE_SIGN_STYLE = Automatic;
				CURRENT_PROJECT_VERSION = 1;
				DEVELOPMENT_ASSET_PATHS = "\"SwiftUIPokedex/Preview Content\"";
				DEVELOPMENT_TEAM = 2R5M774GJ7;
				ENABLE_PREVIEWS = YES;
				GENERATE_INFOPLIST_FILE = YES;
				INFOPLIST_FILE = SwiftUIPokedex/Info.plist;
				INFOPLIST_KEY_UIApplicationSceneManifest_Generation = YES;
				INFOPLIST_KEY_UIApplicationSupportsIndirectInputEvents = YES;
				INFOPLIST_KEY_UILaunchScreen_Generation = YES;
				INFOPLIST_KEY_UISupportedInterfaceOrientations_iPad = "UIInterfaceOrientationPortrait UIInterfaceOrientationPortraitUpsideDown UIInterfaceOrientationLandscapeLeft UIInterfaceOrientationLandscapeRight";
				INFOPLIST_KEY_UISupportedInterfaceOrientations_iPhone = "UIInterfaceOrientationPortrait UIInterfaceOrientationLandscapeLeft UIInterfaceOrientationLandscapeRight";
				LD_RUNPATH_SEARCH_PATHS = (
					"$(inherited)",
					"@executable_path/Frameworks",
				);
				MARKETING_VERSION = 1.0;
				PRODUCT_BUNDLE_IDENTIFIER = com.origogi.pokedex.SwiftUIPokedex;
				PRODUCT_NAME = "$(TARGET_NAME)";
				SWIFT_EMIT_LOC_STRINGS = YES;
				SWIFT_VERSION = 5.0;
				TARGETED_DEVICE_FAMILY = "1,2";
			};
			name = Release;
		};
/* End XCBuildConfiguration section */

/* Begin XCConfigurationList section */
		9F02651C2B84DF5F001F1AD3 /* Build configuration list for PBXProject "SwiftUIPokedex" */ = {
			isa = XCConfigurationList;
			buildConfigurations = (
				9F02652D2B84DF60001F1AD3 /* Debug */,
				9F02652E2B84DF60001F1AD3 /* Release */,
			);
			defaultConfigurationIsVisible = 0;
			defaultConfigurationName = Release;
		};
		9F02652F2B84DF60001F1AD3 /* Build configuration list for PBXNativeTarget "SwiftUIPokedex" */ = {
			isa = XCConfigurationList;
			buildConfigurations = (
				9F0265302B84DF60001F1AD3 /* Debug */,
				9F0265312B84DF60001F1AD3 /* Release */,
			);
			defaultConfigurationIsVisible = 0;
			defaultConfigurationName = Release;
		};
/* End XCConfigurationList section */
	};
	rootObject = 9F0265192B84DF5F001F1AD3 /* Project object */;
}
