// !$*UTF8*$!
{
	archiveVersion = 1;
	classes = {
	};
	objectVersion = 56;
	objects = {

/* Begin PBXBuildFile section */
		9F0265252B84DF5F001F1AD3 /* SwiftUIPokedexApp.swift in Sources */ = {isa = PBXBuildFile; fileRef = 9F0265242B84DF5F001F1AD3 /* SwiftUIPokedexApp.swift */; };
		9F0265272B84DF5F001F1AD3 /* HomeScreen.swift in Sources */ = {isa = PBXBuildFile; fileRef = 9F0265262B84DF5F001F1AD3 /* HomeScreen.swift */; };
		9F0265292B84DF60001F1AD3 /* Assets.xcassets in Resources */ = {isa = PBXBuildFile; fileRef = 9F0265282B84DF60001F1AD3 /* Assets.xcassets */; };
		9F02652C2B84DF60001F1AD3 /* Preview Assets.xcassets in Resources */ = {isa = PBXBuildFile; fileRef = 9F02652B2B84DF60001F1AD3 /* Preview Assets.xcassets */; };
		9F0265332B84E0FF001F1AD3 /* README.md in Resources */ = {isa = PBXBuildFile; fileRef = 9F0265322B84E0FF001F1AD3 /* README.md */; };
		9F07B85A2B8C4C0D00BE905F /* SmallFavButton.swift in Sources */ = {isa = PBXBuildFile; fileRef = 9F07B8592B8C4C0D00BE905F /* SmallFavButton.swift */; };
		9F0CB06B2BD93ED700F52128 /* RegionInfo.swift in Sources */ = {isa = PBXBuildFile; fileRef = 9F0CB06A2BD93ED700F52128 /* RegionInfo.swift */; };
		9F0CB06D2BD93FC200F52128 /* RegionCard.swift in Sources */ = {isa = PBXBuildFile; fileRef = 9F0CB06C2BD93FC200F52128 /* RegionCard.swift */; };
		9F0CB0702BD944D900F52128 /* Colors.swift in Sources */ = {isa = PBXBuildFile; fileRef = 9F0CB06F2BD944D900F52128 /* Colors.swift */; };
		9F0D54112BECFA3600220B3A /* PokemonListDataRepository.swift in Sources */ = {isa = PBXBuildFile; fileRef = 9F0D54102BECFA3600220B3A /* PokemonListDataRepository.swift */; };
		9F0D54132BECFA9D00220B3A /* PokemonDetailDataRepository.swift in Sources */ = {isa = PBXBuildFile; fileRef = 9F0D54122BECFA9D00220B3A /* PokemonDetailDataRepository.swift */; };
		9F0D54152BECFBC300220B3A /* PokemonSpeciesData.swift in Sources */ = {isa = PBXBuildFile; fileRef = 9F0D54142BECFBC300220B3A /* PokemonSpeciesData.swift */; };
		9F0D54172BECFDDD00220B3A /* PokemonSpeciesDataRepository.swift in Sources */ = {isa = PBXBuildFile; fileRef = 9F0D54162BECFDDD00220B3A /* PokemonSpeciesDataRepository.swift */; };
		9F0D541B2BED0BD900220B3A /* PokemonTypeDataRepository.swift in Sources */ = {isa = PBXBuildFile; fileRef = 9F0D541A2BED0BD900220B3A /* PokemonTypeDataRepository.swift */; };
		9F0D541D2BED0BFF00220B3A /* PokemonTypeData.swift in Sources */ = {isa = PBXBuildFile; fileRef = 9F0D541C2BED0BFF00220B3A /* PokemonTypeData.swift */; };
		9F0D5AFD2B9D436F001D7009 /* BackButton.swift in Sources */ = {isa = PBXBuildFile; fileRef = 9F0D5AFC2B9D436F001D7009 /* BackButton.swift */; };
		9F0D5AFF2B9D49CE001D7009 /* BigFavButton.swift in Sources */ = {isa = PBXBuildFile; fileRef = 9F0D5AFE2B9D49CE001D7009 /* BigFavButton.swift */; };
		9F1A7C222BBD8D2A00BF9F62 /* PokemonCardInfo.swift in Sources */ = {isa = PBXBuildFile; fileRef = 9F1A7C212BBD8D2A00BF9F62 /* PokemonCardInfo.swift */; };
		9F1A7C242BBD8E8200BF9F62 /* GetPokemonCardInfoListUseCase.swift in Sources */ = {isa = PBXBuildFile; fileRef = 9F1A7C232BBD8E8200BF9F62 /* GetPokemonCardInfoListUseCase.swift */; };
		9F1F149B2BDDD7BE00AE5C6E /* Fonts.swift in Sources */ = {isa = PBXBuildFile; fileRef = 9F1F149A2BDDD7BE00AE5C6E /* Fonts.swift */; };
		9F2DA6562BDFB32700FA8B1E /* BottomSheetButton.swift in Sources */ = {isa = PBXBuildFile; fileRef = 9F2DA6552BDFB32700FA8B1E /* BottomSheetButton.swift */; };
		9F2DA65B2BDFCE2B00FA8B1E /* RoundCorner.swift in Sources */ = {isa = PBXBuildFile; fileRef = 9F2DA65A2BDFCE2B00FA8B1E /* RoundCorner.swift */; };
		9F2DA65D2BDFD36D00FA8B1E /* FilterBottomSheetContent.swift in Sources */ = {isa = PBXBuildFile; fileRef = 9F2DA65C2BDFD36D00FA8B1E /* FilterBottomSheetContent.swift */; };
		9F2DA65F2BDFD40A00FA8B1E /* HandlerBar.swift in Sources */ = {isa = PBXBuildFile; fileRef = 9F2DA65E2BDFD40A00FA8B1E /* HandlerBar.swift */; };
		9F3607602BEBB9D400321D81 /* PokemonListData.swift in Sources */ = {isa = PBXBuildFile; fileRef = 9F36075F2BEBB9D400321D81 /* PokemonListData.swift */; };
		9F3607622BEBBF8800321D81 /* PokemonDetailData.swift in Sources */ = {isa = PBXBuildFile; fileRef = 9F3607612BEBBF8800321D81 /* PokemonDetailData.swift */; };
		9F44882F2B90B28F005F0F96 /* PokemonDetailScreen.swift in Sources */ = {isa = PBXBuildFile; fileRef = 9F44882E2B90B28F005F0F96 /* PokemonDetailScreen.swift */; };
		9F4680DF2BA1743C0004234E /* GenderRatioView.swift in Sources */ = {isa = PBXBuildFile; fileRef = 9F4680DE2BA1743C0004234E /* GenderRatioView.swift */; };
		9F4CC3F92BB8EAD50008DFB1 /* PokemonEvolutionsDataRepository.swift in Sources */ = {isa = PBXBuildFile; fileRef = 9F4CC3F82BB8EAD50008DFB1 /* PokemonEvolutionsDataRepository.swift */; };
		9F4CC3FC2BB8EDFA0008DFB1 /* EvolutionsData.swift in Sources */ = {isa = PBXBuildFile; fileRef = 9F4CC3FB2BB8EDFA0008DFB1 /* EvolutionsData.swift */; };
		9F4CC4012BB8F5AC0008DFB1 /* PokemonDetailViewModel.swift in Sources */ = {isa = PBXBuildFile; fileRef = 9F4CC4002BB8F5AC0008DFB1 /* PokemonDetailViewModel.swift */; };
		9F4CC4032BB8F64A0008DFB1 /* GetPokemonDetailInfoUseCase.swift in Sources */ = {isa = PBXBuildFile; fileRef = 9F4CC4022BB8F64A0008DFB1 /* GetPokemonDetailInfoUseCase.swift */; };
		9F4CC4052BB8F6E10008DFB1 /* PokemonDetailInfo.swift in Sources */ = {isa = PBXBuildFile; fileRef = 9F4CC4042BB8F6E10008DFB1 /* PokemonDetailInfo.swift */; };
		9F5177AF2BE50600009E794E /* SplashScreen.swift in Sources */ = {isa = PBXBuildFile; fileRef = 9F5177AE2BE50600009E794E /* SplashScreen.swift */; };
		9F7161792B96E0A8007A66F5 /* StatusGroupView.swift in Sources */ = {isa = PBXBuildFile; fileRef = 9F7161782B96E0A8007A66F5 /* StatusGroupView.swift */; };
		9F76DBFF2BA670600053137B /* WeaknessesView.swift in Sources */ = {isa = PBXBuildFile; fileRef = 9F76DBFE2BA670600053137B /* WeaknessesView.swift */; };
		9F76DC012BA7AA9F0053137B /* EvolutionsInfo.swift in Sources */ = {isa = PBXBuildFile; fileRef = 9F76DC002BA7AA9F0053137B /* EvolutionsInfo.swift */; };
		9F76DC052BA7AC3E0053137B /* EvolutionsInfoView.swift in Sources */ = {isa = PBXBuildFile; fileRef = 9F76DC042BA7AC3E0053137B /* EvolutionsInfoView.swift */; };
		9F784E7A2BF0448C0055CEF0 /* PokemonEvolutionChainData.swift in Sources */ = {isa = PBXBuildFile; fileRef = 9F784E792BF0448C0055CEF0 /* PokemonEvolutionChainData.swift */; };
		9F784E7C2BF046BE0055CEF0 /* PokemonEvolutionChainDataRepository.swift in Sources */ = {isa = PBXBuildFile; fileRef = 9F784E7B2BF046BE0055CEF0 /* PokemonEvolutionChainDataRepository.swift */; };
		9F784E7E2BF047B40055CEF0 /* CommonData.swift in Sources */ = {isa = PBXBuildFile; fileRef = 9F784E7D2BF047B40055CEF0 /* CommonData.swift */; };
		9F86F3242BF34DF60083DFBB /* ShimmerView.swift in Sources */ = {isa = PBXBuildFile; fileRef = 9F86F3232BF34DF60083DFBB /* ShimmerView.swift */; };
		9FA4337A2BE338C9003B4505 /* SwipeableView.swift in Sources */ = {isa = PBXBuildFile; fileRef = 9FA433792BE338C9003B4505 /* SwipeableView.swift */; };
		9FA4337C2BE35226003B4505 /* RemoveFavoriteUseCase.swift in Sources */ = {isa = PBXBuildFile; fileRef = 9FA4337B2BE35226003B4505 /* RemoveFavoriteUseCase.swift */; };
		9FA433802BE46F91003B4505 /* RegionDetailScreen.swift in Sources */ = {isa = PBXBuildFile; fileRef = 9FA4337F2BE46F91003B4505 /* RegionDetailScreen.swift */; };
		9FA433822BE47015003B4505 /* PokemonCardListView.swift in Sources */ = {isa = PBXBuildFile; fileRef = 9FA433812BE47015003B4505 /* PokemonCardListView.swift */; };
		9FA433862BE4A4FA003B4505 /* FilteringSortingButtons.swift in Sources */ = {isa = PBXBuildFile; fileRef = 9FA433852BE4A4FA003B4505 /* FilteringSortingButtons.swift */; };
		9FABA33F2B99E2EB0053517D /* PokomonDetailImageView.swift in Sources */ = {isa = PBXBuildFile; fileRef = 9FABA33E2B99E2EB0053517D /* PokomonDetailImageView.swift */; };
		9FBAB4592BE0B8CA00E9AD23 /* SortingBottomSheetContent.swift in Sources */ = {isa = PBXBuildFile; fileRef = 9FBAB4582BE0B8CA00E9AD23 /* SortingBottomSheetContent.swift */; };
		9FBAB45B2BE0B96400E9AD23 /* SortingInfo.swift in Sources */ = {isa = PBXBuildFile; fileRef = 9FBAB45A2BE0B96400E9AD23 /* SortingInfo.swift */; };
		9FBAB45D2BE0D5E400E9AD23 /* PokemonFavoriteDataRepository.swift in Sources */ = {isa = PBXBuildFile; fileRef = 9FBAB45C2BE0D5E400E9AD23 /* PokemonFavoriteDataRepository.swift */; };
		9FBAB45F2BE0D71800E9AD23 /* FavoriteButtonViewModel.swift in Sources */ = {isa = PBXBuildFile; fileRef = 9FBAB45E2BE0D71800E9AD23 /* FavoriteButtonViewModel.swift */; };
		9FBAB4612BE1266E00E9AD23 /* FavoriteTabViewModel.swift in Sources */ = {isa = PBXBuildFile; fileRef = 9FBAB4602BE1266E00E9AD23 /* FavoriteTabViewModel.swift */; };
		9FBAB4632BE126FE00E9AD23 /* GetFavoriteListUseCase.swift in Sources */ = {isa = PBXBuildFile; fileRef = 9FBAB4622BE126FE00E9AD23 /* GetFavoriteListUseCase.swift */; };
		9FBE4FB32B874D6C00EA8ED7 /* Poppins-Light.ttf in Resources */ = {isa = PBXBuildFile; fileRef = 9FBE4FA12B874D6B00EA8ED7 /* Poppins-Light.ttf */; };
		9FBE4FB42B874D6C00EA8ED7 /* Poppins-Thin.ttf in Resources */ = {isa = PBXBuildFile; fileRef = 9FBE4FA22B874D6B00EA8ED7 /* Poppins-Thin.ttf */; };
		9FBE4FB82B874D6C00EA8ED7 /* Poppins-SemiBold.ttf in Resources */ = {isa = PBXBuildFile; fileRef = 9FBE4FA62B874D6B00EA8ED7 /* Poppins-SemiBold.ttf */; };
		9FBE4FBA2B874D6C00EA8ED7 /* Poppins-Black.ttf in Resources */ = {isa = PBXBuildFile; fileRef = 9FBE4FA82B874D6B00EA8ED7 /* Poppins-Black.ttf */; };
		9FBE4FBB2B874D6C00EA8ED7 /* Poppins-ExtraBold.ttf in Resources */ = {isa = PBXBuildFile; fileRef = 9FBE4FA92B874D6B00EA8ED7 /* Poppins-ExtraBold.ttf */; };
		9FBE4FBC2B874D6C00EA8ED7 /* Poppins-Medium.ttf in Resources */ = {isa = PBXBuildFile; fileRef = 9FBE4FAA2B874D6B00EA8ED7 /* Poppins-Medium.ttf */; };
		9FBE4FC02B874D6C00EA8ED7 /* Poppins-Bold.ttf in Resources */ = {isa = PBXBuildFile; fileRef = 9FBE4FAE2B874D6B00EA8ED7 /* Poppins-Bold.ttf */; };
		9FBE4FC32B874D6C00EA8ED7 /* Poppins-Regular.ttf in Resources */ = {isa = PBXBuildFile; fileRef = 9FBE4FB12B874D6C00EA8ED7 /* Poppins-Regular.ttf */; };
		9FBE4FC42B874D6C00EA8ED7 /* Poppins-ExtraLight.ttf in Resources */ = {isa = PBXBuildFile; fileRef = 9FBE4FB22B874D6C00EA8ED7 /* Poppins-ExtraLight.ttf */; };
		9FBE4FC92B874F1000EA8ED7 /* TabViewBottomButton.swift in Sources */ = {isa = PBXBuildFile; fileRef = 9FBE4FC82B874F1000EA8ED7 /* TabViewBottomButton.swift */; };
		9FBE4FCC2B875AA900EA8ED7 /* ColorExt.swift in Sources */ = {isa = PBXBuildFile; fileRef = 9FBE4FCB2B875AA900EA8ED7 /* ColorExt.swift */; };
		9FBE4FD12B883E1A00EA8ED7 /* PokedexTabView.swift in Sources */ = {isa = PBXBuildFile; fileRef = 9FBE4FD02B883E1A00EA8ED7 /* PokedexTabView.swift */; };
		9FBE4FD32B883E4100EA8ED7 /* RegionTabView.swift in Sources */ = {isa = PBXBuildFile; fileRef = 9FBE4FD22B883E4100EA8ED7 /* RegionTabView.swift */; };
		9FBE4FD52B883E6300EA8ED7 /* ProfileTabView.swift in Sources */ = {isa = PBXBuildFile; fileRef = 9FBE4FD42B883E6300EA8ED7 /* ProfileTabView.swift */; };
		9FBE4FD92B883E8B00EA8ED7 /* FavoriteTabView.swift in Sources */ = {isa = PBXBuildFile; fileRef = 9FBE4FD82B883E8B00EA8ED7 /* FavoriteTabView.swift */; };
		9FBE4FDC2B88D13400EA8ED7 /* PokemonTypeInfo.swift in Sources */ = {isa = PBXBuildFile; fileRef = 9FBE4FDB2B88D13400EA8ED7 /* PokemonTypeInfo.swift */; };
		9FBE4FDE2B88D70B00EA8ED7 /* PokemonTypeSmallChip.swift in Sources */ = {isa = PBXBuildFile; fileRef = 9FBE4FDD2B88D70B00EA8ED7 /* PokemonTypeSmallChip.swift */; };
		9FC3FCD52BF1E65C00C4BDEA /* PokemonWeaknessTypesRepository.swift in Sources */ = {isa = PBXBuildFile; fileRef = 9FC3FCD42BF1E65C00C4BDEA /* PokemonWeaknessTypesRepository.swift */; };
		9FD18FFE2B93FC0800196B2C /* IntExt.swift in Sources */ = {isa = PBXBuildFile; fileRef = 9FD18FFD2B93FC0800196B2C /* IntExt.swift */; };
		9FD705412B8AC08400CBFA42 /* PokemonTypeCard.swift in Sources */ = {isa = PBXBuildFile; fileRef = 9FD705402B8AC08400CBFA42 /* PokemonTypeCard.swift */; };
		9FD705472B8ACCC700CBFA42 /* PokemonCard.swift in Sources */ = {isa = PBXBuildFile; fileRef = 9FD705462B8ACCC700CBFA42 /* PokemonCard.swift */; };
		9FE75E972BB5AC3E00787D53 /* PokemonCardListViewModel.swift in Sources */ = {isa = PBXBuildFile; fileRef = 9FE75E962BB5AC3E00787D53 /* PokemonCardListViewModel.swift */; };
		F0192B1063AB62DDDABBD6B0 /* Pods_SwiftUIPokedex.framework in Frameworks */ = {isa = PBXBuildFile; fileRef = BB3235B80A272FC51FB95E9E /* Pods_SwiftUIPokedex.framework */; };
/* End PBXBuildFile section */

/* Begin PBXFileReference section */
		085E89D6695E9431D893C417 /* Pods-SwiftUIPokedex.release.xcconfig */ = {isa = PBXFileReference; includeInIndex = 1; lastKnownFileType = text.xcconfig; name = "Pods-SwiftUIPokedex.release.xcconfig"; path = "Target Support Files/Pods-SwiftUIPokedex/Pods-SwiftUIPokedex.release.xcconfig"; sourceTree = "<group>"; };
		506A47ADF2061A587B426D65 /* Pods-SwiftUIPokedex.debug.xcconfig */ = {isa = PBXFileReference; includeInIndex = 1; lastKnownFileType = text.xcconfig; name = "Pods-SwiftUIPokedex.debug.xcconfig"; path = "Target Support Files/Pods-SwiftUIPokedex/Pods-SwiftUIPokedex.debug.xcconfig"; sourceTree = "<group>"; };
		9F0265212B84DF5F001F1AD3 /* SwiftUIPokedex.app */ = {isa = PBXFileReference; explicitFileType = wrapper.application; includeInIndex = 0; path = SwiftUIPokedex.app; sourceTree = BUILT_PRODUCTS_DIR; };
		9F0265242B84DF5F001F1AD3 /* SwiftUIPokedexApp.swift */ = {isa = PBXFileReference; lastKnownFileType = sourcecode.swift; path = SwiftUIPokedexApp.swift; sourceTree = "<group>"; };
		9F0265262B84DF5F001F1AD3 /* HomeScreen.swift */ = {isa = PBXFileReference; lastKnownFileType = sourcecode.swift; path = HomeScreen.swift; sourceTree = "<group>"; };
		9F0265282B84DF60001F1AD3 /* Assets.xcassets */ = {isa = PBXFileReference; lastKnownFileType = folder.assetcatalog; path = Assets.xcassets; sourceTree = "<group>"; };
		9F02652B2B84DF60001F1AD3 /* Preview Assets.xcassets */ = {isa = PBXFileReference; lastKnownFileType = folder.assetcatalog; path = "Preview Assets.xcassets"; sourceTree = "<group>"; };
		9F0265322B84E0FF001F1AD3 /* README.md */ = {isa = PBXFileReference; fileEncoding = 4; lastKnownFileType = net.daringfireball.markdown; path = README.md; sourceTree = "<group>"; };
		9F07B8592B8C4C0D00BE905F /* SmallFavButton.swift */ = {isa = PBXFileReference; lastKnownFileType = sourcecode.swift; path = SmallFavButton.swift; sourceTree = "<group>"; };
		9F0CB06A2BD93ED700F52128 /* RegionInfo.swift */ = {isa = PBXFileReference; lastKnownFileType = sourcecode.swift; path = RegionInfo.swift; sourceTree = "<group>"; };
		9F0CB06C2BD93FC200F52128 /* RegionCard.swift */ = {isa = PBXFileReference; lastKnownFileType = sourcecode.swift; path = RegionCard.swift; sourceTree = "<group>"; };
		9F0CB06F2BD944D900F52128 /* Colors.swift */ = {isa = PBXFileReference; lastKnownFileType = sourcecode.swift; path = Colors.swift; sourceTree = "<group>"; };
		9F0D54102BECFA3600220B3A /* PokemonListDataRepository.swift */ = {isa = PBXFileReference; lastKnownFileType = sourcecode.swift; path = PokemonListDataRepository.swift; sourceTree = "<group>"; };
		9F0D54122BECFA9D00220B3A /* PokemonDetailDataRepository.swift */ = {isa = PBXFileReference; lastKnownFileType = sourcecode.swift; path = PokemonDetailDataRepository.swift; sourceTree = "<group>"; };
		9F0D54142BECFBC300220B3A /* PokemonSpeciesData.swift */ = {isa = PBXFileReference; lastKnownFileType = sourcecode.swift; path = PokemonSpeciesData.swift; sourceTree = "<group>"; };
		9F0D54162BECFDDD00220B3A /* PokemonSpeciesDataRepository.swift */ = {isa = PBXFileReference; lastKnownFileType = sourcecode.swift; path = PokemonSpeciesDataRepository.swift; sourceTree = "<group>"; };
		9F0D541A2BED0BD900220B3A /* PokemonTypeDataRepository.swift */ = {isa = PBXFileReference; lastKnownFileType = sourcecode.swift; path = PokemonTypeDataRepository.swift; sourceTree = "<group>"; };
		9F0D541C2BED0BFF00220B3A /* PokemonTypeData.swift */ = {isa = PBXFileReference; lastKnownFileType = sourcecode.swift; path = PokemonTypeData.swift; sourceTree = "<group>"; };
		9F0D5AFC2B9D436F001D7009 /* BackButton.swift */ = {isa = PBXFileReference; lastKnownFileType = sourcecode.swift; path = BackButton.swift; sourceTree = "<group>"; };
		9F0D5AFE2B9D49CE001D7009 /* BigFavButton.swift */ = {isa = PBXFileReference; lastKnownFileType = sourcecode.swift; path = BigFavButton.swift; sourceTree = "<group>"; };
		9F1A7C212BBD8D2A00BF9F62 /* PokemonCardInfo.swift */ = {isa = PBXFileReference; lastKnownFileType = sourcecode.swift; path = PokemonCardInfo.swift; sourceTree = "<group>"; };
		9F1A7C232BBD8E8200BF9F62 /* GetPokemonCardInfoListUseCase.swift */ = {isa = PBXFileReference; lastKnownFileType = sourcecode.swift; path = GetPokemonCardInfoListUseCase.swift; sourceTree = "<group>"; };
		9F1F149A2BDDD7BE00AE5C6E /* Fonts.swift */ = {isa = PBXFileReference; lastKnownFileType = sourcecode.swift; path = Fonts.swift; sourceTree = "<group>"; };
		9F2DA6552BDFB32700FA8B1E /* BottomSheetButton.swift */ = {isa = PBXFileReference; lastKnownFileType = sourcecode.swift; path = BottomSheetButton.swift; sourceTree = "<group>"; };
		9F2DA65A2BDFCE2B00FA8B1E /* RoundCorner.swift */ = {isa = PBXFileReference; lastKnownFileType = sourcecode.swift; path = RoundCorner.swift; sourceTree = "<group>"; };
		9F2DA65C2BDFD36D00FA8B1E /* FilterBottomSheetContent.swift */ = {isa = PBXFileReference; lastKnownFileType = sourcecode.swift; path = FilterBottomSheetContent.swift; sourceTree = "<group>"; };
		9F2DA65E2BDFD40A00FA8B1E /* HandlerBar.swift */ = {isa = PBXFileReference; lastKnownFileType = sourcecode.swift; path = HandlerBar.swift; sourceTree = "<group>"; };
		9F36075F2BEBB9D400321D81 /* PokemonListData.swift */ = {isa = PBXFileReference; lastKnownFileType = sourcecode.swift; path = PokemonListData.swift; sourceTree = "<group>"; };
		9F3607612BEBBF8800321D81 /* PokemonDetailData.swift */ = {isa = PBXFileReference; lastKnownFileType = sourcecode.swift; path = PokemonDetailData.swift; sourceTree = "<group>"; };
		9F44882E2B90B28F005F0F96 /* PokemonDetailScreen.swift */ = {isa = PBXFileReference; lastKnownFileType = sourcecode.swift; path = PokemonDetailScreen.swift; sourceTree = "<group>"; };
		9F4680DE2BA1743C0004234E /* GenderRatioView.swift */ = {isa = PBXFileReference; lastKnownFileType = sourcecode.swift; path = GenderRatioView.swift; sourceTree = "<group>"; };
		9F4CC3F82BB8EAD50008DFB1 /* PokemonEvolutionsDataRepository.swift */ = {isa = PBXFileReference; lastKnownFileType = sourcecode.swift; path = PokemonEvolutionsDataRepository.swift; sourceTree = "<group>"; };
		9F4CC3FB2BB8EDFA0008DFB1 /* EvolutionsData.swift */ = {isa = PBXFileReference; lastKnownFileType = sourcecode.swift; path = EvolutionsData.swift; sourceTree = "<group>"; };
		9F4CC4002BB8F5AC0008DFB1 /* PokemonDetailViewModel.swift */ = {isa = PBXFileReference; lastKnownFileType = sourcecode.swift; path = PokemonDetailViewModel.swift; sourceTree = "<group>"; };
		9F4CC4022BB8F64A0008DFB1 /* GetPokemonDetailInfoUseCase.swift */ = {isa = PBXFileReference; lastKnownFileType = sourcecode.swift; path = GetPokemonDetailInfoUseCase.swift; sourceTree = "<group>"; };
		9F4CC4042BB8F6E10008DFB1 /* PokemonDetailInfo.swift */ = {isa = PBXFileReference; lastKnownFileType = sourcecode.swift; path = PokemonDetailInfo.swift; sourceTree = "<group>"; };
		9F5177AE2BE50600009E794E /* SplashScreen.swift */ = {isa = PBXFileReference; lastKnownFileType = sourcecode.swift; path = SplashScreen.swift; sourceTree = "<group>"; };
		9F7161782B96E0A8007A66F5 /* StatusGroupView.swift */ = {isa = PBXFileReference; lastKnownFileType = sourcecode.swift; path = StatusGroupView.swift; sourceTree = "<group>"; };
		9F76DBFE2BA670600053137B /* WeaknessesView.swift */ = {isa = PBXFileReference; lastKnownFileType = sourcecode.swift; path = WeaknessesView.swift; sourceTree = "<group>"; };
		9F76DC002BA7AA9F0053137B /* EvolutionsInfo.swift */ = {isa = PBXFileReference; lastKnownFileType = sourcecode.swift; path = EvolutionsInfo.swift; sourceTree = "<group>"; };
		9F76DC042BA7AC3E0053137B /* EvolutionsInfoView.swift */ = {isa = PBXFileReference; lastKnownFileType = sourcecode.swift; path = EvolutionsInfoView.swift; sourceTree = "<group>"; };
		9F784E792BF0448C0055CEF0 /* PokemonEvolutionChainData.swift */ = {isa = PBXFileReference; lastKnownFileType = sourcecode.swift; path = PokemonEvolutionChainData.swift; sourceTree = "<group>"; };
		9F784E7B2BF046BE0055CEF0 /* PokemonEvolutionChainDataRepository.swift */ = {isa = PBXFileReference; lastKnownFileType = sourcecode.swift; path = PokemonEvolutionChainDataRepository.swift; sourceTree = "<group>"; };
		9F784E7D2BF047B40055CEF0 /* CommonData.swift */ = {isa = PBXFileReference; lastKnownFileType = sourcecode.swift; path = CommonData.swift; sourceTree = "<group>"; };
		9F86F3232BF34DF60083DFBB /* ShimmerView.swift */ = {isa = PBXFileReference; lastKnownFileType = sourcecode.swift; path = ShimmerView.swift; sourceTree = "<group>"; };
		9FA433792BE338C9003B4505 /* SwipeableView.swift */ = {isa = PBXFileReference; lastKnownFileType = sourcecode.swift; path = SwipeableView.swift; sourceTree = "<group>"; };
		9FA4337B2BE35226003B4505 /* RemoveFavoriteUseCase.swift */ = {isa = PBXFileReference; lastKnownFileType = sourcecode.swift; path = RemoveFavoriteUseCase.swift; sourceTree = "<group>"; };
		9FA4337F2BE46F91003B4505 /* RegionDetailScreen.swift */ = {isa = PBXFileReference; lastKnownFileType = sourcecode.swift; path = RegionDetailScreen.swift; sourceTree = "<group>"; };
		9FA433812BE47015003B4505 /* PokemonCardListView.swift */ = {isa = PBXFileReference; lastKnownFileType = sourcecode.swift; path = PokemonCardListView.swift; sourceTree = "<group>"; };
		9FA433852BE4A4FA003B4505 /* FilteringSortingButtons.swift */ = {isa = PBXFileReference; lastKnownFileType = sourcecode.swift; path = FilteringSortingButtons.swift; sourceTree = "<group>"; };
		9FABA33E2B99E2EB0053517D /* PokomonDetailImageView.swift */ = {isa = PBXFileReference; lastKnownFileType = sourcecode.swift; path = PokomonDetailImageView.swift; sourceTree = "<group>"; };
		9FBAB4582BE0B8CA00E9AD23 /* SortingBottomSheetContent.swift */ = {isa = PBXFileReference; lastKnownFileType = sourcecode.swift; path = SortingBottomSheetContent.swift; sourceTree = "<group>"; };
		9FBAB45A2BE0B96400E9AD23 /* SortingInfo.swift */ = {isa = PBXFileReference; lastKnownFileType = sourcecode.swift; path = SortingInfo.swift; sourceTree = "<group>"; };
		9FBAB45C2BE0D5E400E9AD23 /* PokemonFavoriteDataRepository.swift */ = {isa = PBXFileReference; lastKnownFileType = sourcecode.swift; path = PokemonFavoriteDataRepository.swift; sourceTree = "<group>"; };
		9FBAB45E2BE0D71800E9AD23 /* FavoriteButtonViewModel.swift */ = {isa = PBXFileReference; lastKnownFileType = sourcecode.swift; path = FavoriteButtonViewModel.swift; sourceTree = "<group>"; };
		9FBAB4602BE1266E00E9AD23 /* FavoriteTabViewModel.swift */ = {isa = PBXFileReference; lastKnownFileType = sourcecode.swift; path = FavoriteTabViewModel.swift; sourceTree = "<group>"; };
		9FBAB4622BE126FE00E9AD23 /* GetFavoriteListUseCase.swift */ = {isa = PBXFileReference; lastKnownFileType = sourcecode.swift; path = GetFavoriteListUseCase.swift; sourceTree = "<group>"; };
		9FBE4FA12B874D6B00EA8ED7 /* Poppins-Light.ttf */ = {isa = PBXFileReference; lastKnownFileType = file; path = "Poppins-Light.ttf"; sourceTree = "<group>"; };
		9FBE4FA22B874D6B00EA8ED7 /* Poppins-Thin.ttf */ = {isa = PBXFileReference; lastKnownFileType = file; path = "Poppins-Thin.ttf"; sourceTree = "<group>"; };
		9FBE4FA62B874D6B00EA8ED7 /* Poppins-SemiBold.ttf */ = {isa = PBXFileReference; lastKnownFileType = file; path = "Poppins-SemiBold.ttf"; sourceTree = "<group>"; };
		9FBE4FA82B874D6B00EA8ED7 /* Poppins-Black.ttf */ = {isa = PBXFileReference; lastKnownFileType = file; path = "Poppins-Black.ttf"; sourceTree = "<group>"; };
		9FBE4FA92B874D6B00EA8ED7 /* Poppins-ExtraBold.ttf */ = {isa = PBXFileReference; lastKnownFileType = file; path = "Poppins-ExtraBold.ttf"; sourceTree = "<group>"; };
		9FBE4FAA2B874D6B00EA8ED7 /* Poppins-Medium.ttf */ = {isa = PBXFileReference; lastKnownFileType = file; path = "Poppins-Medium.ttf"; sourceTree = "<group>"; };
		9FBE4FAE2B874D6B00EA8ED7 /* Poppins-Bold.ttf */ = {isa = PBXFileReference; lastKnownFileType = file; path = "Poppins-Bold.ttf"; sourceTree = "<group>"; };
		9FBE4FB12B874D6C00EA8ED7 /* Poppins-Regular.ttf */ = {isa = PBXFileReference; lastKnownFileType = file; path = "Poppins-Regular.ttf"; sourceTree = "<group>"; };
		9FBE4FB22B874D6C00EA8ED7 /* Poppins-ExtraLight.ttf */ = {isa = PBXFileReference; lastKnownFileType = file; path = "Poppins-ExtraLight.ttf"; sourceTree = "<group>"; };
		9FBE4FC62B874E0500EA8ED7 /* Info.plist */ = {isa = PBXFileReference; lastKnownFileType = text.plist; path = Info.plist; sourceTree = "<group>"; };
		9FBE4FC82B874F1000EA8ED7 /* TabViewBottomButton.swift */ = {isa = PBXFileReference; lastKnownFileType = sourcecode.swift; path = TabViewBottomButton.swift; sourceTree = "<group>"; };
		9FBE4FCB2B875AA900EA8ED7 /* ColorExt.swift */ = {isa = PBXFileReference; lastKnownFileType = sourcecode.swift; path = ColorExt.swift; sourceTree = "<group>"; };
		9FBE4FD02B883E1A00EA8ED7 /* PokedexTabView.swift */ = {isa = PBXFileReference; lastKnownFileType = sourcecode.swift; path = PokedexTabView.swift; sourceTree = "<group>"; };
		9FBE4FD22B883E4100EA8ED7 /* RegionTabView.swift */ = {isa = PBXFileReference; lastKnownFileType = sourcecode.swift; path = RegionTabView.swift; sourceTree = "<group>"; };
		9FBE4FD42B883E6300EA8ED7 /* ProfileTabView.swift */ = {isa = PBXFileReference; lastKnownFileType = sourcecode.swift; path = ProfileTabView.swift; sourceTree = "<group>"; };
		9FBE4FD82B883E8B00EA8ED7 /* FavoriteTabView.swift */ = {isa = PBXFileReference; lastKnownFileType = sourcecode.swift; path = FavoriteTabView.swift; sourceTree = "<group>"; };
		9FBE4FDB2B88D13400EA8ED7 /* PokemonTypeInfo.swift */ = {isa = PBXFileReference; lastKnownFileType = sourcecode.swift; path = PokemonTypeInfo.swift; sourceTree = "<group>"; };
		9FBE4FDD2B88D70B00EA8ED7 /* PokemonTypeSmallChip.swift */ = {isa = PBXFileReference; lastKnownFileType = sourcecode.swift; path = PokemonTypeSmallChip.swift; sourceTree = "<group>"; };
		9FC3FCD42BF1E65C00C4BDEA /* PokemonWeaknessTypesRepository.swift */ = {isa = PBXFileReference; lastKnownFileType = sourcecode.swift; path = PokemonWeaknessTypesRepository.swift; sourceTree = "<group>"; };
		9FD18FFD2B93FC0800196B2C /* IntExt.swift */ = {isa = PBXFileReference; lastKnownFileType = sourcecode.swift; path = IntExt.swift; sourceTree = "<group>"; };
		9FD705402B8AC08400CBFA42 /* PokemonTypeCard.swift */ = {isa = PBXFileReference; lastKnownFileType = sourcecode.swift; path = PokemonTypeCard.swift; sourceTree = "<group>"; };
		9FD705462B8ACCC700CBFA42 /* PokemonCard.swift */ = {isa = PBXFileReference; lastKnownFileType = sourcecode.swift; path = PokemonCard.swift; sourceTree = "<group>"; };
		9FE75E962BB5AC3E00787D53 /* PokemonCardListViewModel.swift */ = {isa = PBXFileReference; lastKnownFileType = sourcecode.swift; path = PokemonCardListViewModel.swift; sourceTree = "<group>"; };
		BB3235B80A272FC51FB95E9E /* Pods_SwiftUIPokedex.framework */ = {isa = PBXFileReference; explicitFileType = wrapper.framework; includeInIndex = 0; path = Pods_SwiftUIPokedex.framework; sourceTree = BUILT_PRODUCTS_DIR; };
/* End PBXFileReference section */

/* Begin PBXFrameworksBuildPhase section */
		9F02651E2B84DF5F001F1AD3 /* Frameworks */ = {
			isa = PBXFrameworksBuildPhase;
			buildActionMask = 2147483647;
			files = (
				F0192B1063AB62DDDABBD6B0 /* Pods_SwiftUIPokedex.framework in Frameworks */,
			);
			runOnlyForDeploymentPostprocessing = 0;
		};
/* End PBXFrameworksBuildPhase section */

/* Begin PBXGroup section */
		5E5F39A93A56E8AF165A0723 /* Pods */ = {
			isa = PBXGroup;
			children = (
				506A47ADF2061A587B426D65 /* Pods-SwiftUIPokedex.debug.xcconfig */,
				085E89D6695E9431D893C417 /* Pods-SwiftUIPokedex.release.xcconfig */,
			);
			path = Pods;
			sourceTree = "<group>";
		};
		9F0265182B84DF5F001F1AD3 = {
			isa = PBXGroup;
			children = (
				9F0265322B84E0FF001F1AD3 /* README.md */,
				9F0265232B84DF5F001F1AD3 /* SwiftUIPokedex */,
				9F0265222B84DF5F001F1AD3 /* Products */,
				5E5F39A93A56E8AF165A0723 /* Pods */,
				FE839B45232B34D3434F5DDE /* Frameworks */,
			);
			sourceTree = "<group>";
		};
		9F0265222B84DF5F001F1AD3 /* Products */ = {
			isa = PBXGroup;
			children = (
				9F0265212B84DF5F001F1AD3 /* SwiftUIPokedex.app */,
			);
			name = Products;
			sourceTree = "<group>";
		};
		9F0265232B84DF5F001F1AD3 /* SwiftUIPokedex */ = {
			isa = PBXGroup;
			children = (
				9FBE4FC62B874E0500EA8ED7 /* Info.plist */,
				9F0265282B84DF60001F1AD3 /* Assets.xcassets */,
				9F0265242B84DF5F001F1AD3 /* SwiftUIPokedexApp.swift */,
				9F0CB06E2BD944C100F52128 /* Constants */,
				9F4CC3F72BB8EA3E0008DFB1 /* Data */,
				9F4CC3F62BB8EA280008DFB1 /* Domain */,
				9F4CC3F52BB8E9F70008DFB1 /* Presentation */,
				9FBE4FC52B874D7F00EA8ED7 /* Fonts */,
				9F02652A2B84DF60001F1AD3 /* Preview Content */,
				9FBE4FCA2B875A9800EA8ED7 /* Util */,
			);
			path = SwiftUIPokedex;
			sourceTree = "<group>";
		};
		9F02652A2B84DF60001F1AD3 /* Preview Content */ = {
			isa = PBXGroup;
			children = (
				9F02652B2B84DF60001F1AD3 /* Preview Assets.xcassets */,
			);
			path = "Preview Content";
			sourceTree = "<group>";
		};
		9F0CB06E2BD944C100F52128 /* Constants */ = {
			isa = PBXGroup;
			children = (
				9F0CB06F2BD944D900F52128 /* Colors.swift */,
				9F1F149A2BDDD7BE00AE5C6E /* Fonts.swift */,
			);
			path = Constants;
			sourceTree = "<group>";
		};
		9F2DA6592BDFCDF900FA8B1E /* CustomModifier */ = {
			isa = PBXGroup;
			children = (
				9F2DA65A2BDFCE2B00FA8B1E /* RoundCorner.swift */,
			);
			path = CustomModifier;
			sourceTree = "<group>";
		};
		9F44882D2B90A852005F0F96 /* Screen */ = {
			isa = PBXGroup;
			children = (
				9F0265262B84DF5F001F1AD3 /* HomeScreen.swift */,
				9F44882E2B90B28F005F0F96 /* PokemonDetailScreen.swift */,
				9FA4337F2BE46F91003B4505 /* RegionDetailScreen.swift */,
				9F5177AE2BE50600009E794E /* SplashScreen.swift */,
			);
			path = Screen;
			sourceTree = "<group>";
		};
		9F4CC3F52BB8E9F70008DFB1 /* Presentation */ = {
			isa = PBXGroup;
			children = (
				9FE75E942BB5AB8B00787D53 /* View */,
				9FE75E952BB5AC2900787D53 /* ViewModel */,
			);
			path = Presentation;
			sourceTree = "<group>";
		};
		9F4CC3F62BB8EA280008DFB1 /* Domain */ = {
			isa = PBXGroup;
			children = (
				9F4CC3FA2BB8ED400008DFB1 /* Model */,
				9F4CC3FD2BB8F26A0008DFB1 /* UseCase */,
			);
			path = Domain;
			sourceTree = "<group>";
		};
		9F4CC3F72BB8EA3E0008DFB1 /* Data */ = {
			isa = PBXGroup;
			children = (
				9FE75E922BB5AB4200787D53 /* DTO */,
				9FBE4FDA2B88D11000EA8ED7 /* Repository */,
			);
			path = Data;
			sourceTree = "<group>";
		};
		9F4CC3FA2BB8ED400008DFB1 /* Model */ = {
			isa = PBXGroup;
			children = (
				9FBE4FDB2B88D13400EA8ED7 /* PokemonTypeInfo.swift */,
				9F76DC002BA7AA9F0053137B /* EvolutionsInfo.swift */,
				9F4CC4042BB8F6E10008DFB1 /* PokemonDetailInfo.swift */,
				9F1A7C212BBD8D2A00BF9F62 /* PokemonCardInfo.swift */,
				9F0CB06A2BD93ED700F52128 /* RegionInfo.swift */,
				9FBAB45A2BE0B96400E9AD23 /* SortingInfo.swift */,
			);
			path = Model;
			sourceTree = "<group>";
		};
		9F4CC3FD2BB8F26A0008DFB1 /* UseCase */ = {
			isa = PBXGroup;
			children = (
				9F4CC4022BB8F64A0008DFB1 /* GetPokemonDetailInfoUseCase.swift */,
				9F1A7C232BBD8E8200BF9F62 /* GetPokemonCardInfoListUseCase.swift */,
				9FBAB4622BE126FE00E9AD23 /* GetFavoriteListUseCase.swift */,
				9FA4337B2BE35226003B4505 /* RemoveFavoriteUseCase.swift */,
			);
			path = UseCase;
			sourceTree = "<group>";
		};
		9FBE4FC52B874D7F00EA8ED7 /* Fonts */ = {
			isa = PBXGroup;
			children = (
				9FBE4FA82B874D6B00EA8ED7 /* Poppins-Black.ttf */,
				9FBE4FAE2B874D6B00EA8ED7 /* Poppins-Bold.ttf */,
				9FBE4FA92B874D6B00EA8ED7 /* Poppins-ExtraBold.ttf */,
				9FBE4FB22B874D6C00EA8ED7 /* Poppins-ExtraLight.ttf */,
				9FBE4FA12B874D6B00EA8ED7 /* Poppins-Light.ttf */,
				9FBE4FAA2B874D6B00EA8ED7 /* Poppins-Medium.ttf */,
				9FBE4FB12B874D6C00EA8ED7 /* Poppins-Regular.ttf */,
				9FBE4FA62B874D6B00EA8ED7 /* Poppins-SemiBold.ttf */,
				9FBE4FA22B874D6B00EA8ED7 /* Poppins-Thin.ttf */,
			);
			path = Fonts;
			sourceTree = "<group>";
		};
		9FBE4FC72B874EF100EA8ED7 /* Components */ = {
			isa = PBXGroup;
			children = (
				9F0D5AFC2B9D436F001D7009 /* BackButton.swift */,
				9F0D5AFE2B9D49CE001D7009 /* BigFavButton.swift */,
				9F2DA6552BDFB32700FA8B1E /* BottomSheetButton.swift */,
				9FBE4FDD2B88D70B00EA8ED7 /* PokemonTypeSmallChip.swift */,
				9F76DC042BA7AC3E0053137B /* EvolutionsInfoView.swift */,
				9F2DA65C2BDFD36D00FA8B1E /* FilterBottomSheetContent.swift */,
				9F4680DE2BA1743C0004234E /* GenderRatioView.swift */,
				9F2DA65E2BDFD40A00FA8B1E /* HandlerBar.swift */,
				9FD705462B8ACCC700CBFA42 /* PokemonCard.swift */,
				9FA433812BE47015003B4505 /* PokemonCardListView.swift */,
				9FD705402B8AC08400CBFA42 /* PokemonTypeCard.swift */,
				9FABA33E2B99E2EB0053517D /* PokomonDetailImageView.swift */,
				9F0CB06C2BD93FC200F52128 /* RegionCard.swift */,
				9F07B8592B8C4C0D00BE905F /* SmallFavButton.swift */,
				9FBAB4582BE0B8CA00E9AD23 /* SortingBottomSheetContent.swift */,
				9F7161782B96E0A8007A66F5 /* StatusGroupView.swift */,
				9FA433792BE338C9003B4505 /* SwipeableView.swift */,
				9FBE4FC82B874F1000EA8ED7 /* TabViewBottomButton.swift */,
				9F76DBFE2BA670600053137B /* WeaknessesView.swift */,
				9FA433852BE4A4FA003B4505 /* FilteringSortingButtons.swift */,
				9F86F3232BF34DF60083DFBB /* ShimmerView.swift */,
			);
			path = Components;
			sourceTree = "<group>";
		};
		9FBE4FCA2B875A9800EA8ED7 /* Util */ = {
			isa = PBXGroup;
			children = (
				9FBE4FCB2B875AA900EA8ED7 /* ColorExt.swift */,
				9FD18FFD2B93FC0800196B2C /* IntExt.swift */,
			);
			path = Util;
			sourceTree = "<group>";
		};
		9FBE4FCD2B883DAF00EA8ED7 /* Tabs */ = {
			isa = PBXGroup;
			children = (
				9FBE4FD02B883E1A00EA8ED7 /* PokedexTabView.swift */,
				9FBE4FD22B883E4100EA8ED7 /* RegionTabView.swift */,
				9FBE4FD42B883E6300EA8ED7 /* ProfileTabView.swift */,
				9FBE4FD82B883E8B00EA8ED7 /* FavoriteTabView.swift */,
			);
			path = Tabs;
			sourceTree = "<group>";
		};
		9FBE4FDA2B88D11000EA8ED7 /* Repository */ = {
			isa = PBXGroup;
			children = (
				9F4CC3F82BB8EAD50008DFB1 /* PokemonEvolutionsDataRepository.swift */,
				9FBAB45C2BE0D5E400E9AD23 /* PokemonFavoriteDataRepository.swift */,
				9F0D54102BECFA3600220B3A /* PokemonListDataRepository.swift */,
				9F0D54122BECFA9D00220B3A /* PokemonDetailDataRepository.swift */,
				9F0D54162BECFDDD00220B3A /* PokemonSpeciesDataRepository.swift */,
				9F0D541A2BED0BD900220B3A /* PokemonTypeDataRepository.swift */,
				9F784E7B2BF046BE0055CEF0 /* PokemonEvolutionChainDataRepository.swift */,
				9FC3FCD42BF1E65C00C4BDEA /* PokemonWeaknessTypesRepository.swift */,
			);
			path = Repository;
			sourceTree = "<group>";
		};
		9FE75E922BB5AB4200787D53 /* DTO */ = {
			isa = PBXGroup;
			children = (
				9F784E7D2BF047B40055CEF0 /* CommonData.swift */,
				9F4CC3FB2BB8EDFA0008DFB1 /* EvolutionsData.swift */,
				9F3607612BEBBF8800321D81 /* PokemonDetailData.swift */,
				9F784E792BF0448C0055CEF0 /* PokemonEvolutionChainData.swift */,
				9F36075F2BEBB9D400321D81 /* PokemonListData.swift */,
				9F0D54142BECFBC300220B3A /* PokemonSpeciesData.swift */,
				9F0D541C2BED0BFF00220B3A /* PokemonTypeData.swift */,
			);
			path = DTO;
			sourceTree = "<group>";
		};
		9FE75E942BB5AB8B00787D53 /* View */ = {
			isa = PBXGroup;
			children = (
				9F2DA6592BDFCDF900FA8B1E /* CustomModifier */,
				9FBE4FCD2B883DAF00EA8ED7 /* Tabs */,
				9FBE4FC72B874EF100EA8ED7 /* Components */,
				9F44882D2B90A852005F0F96 /* Screen */,
			);
			path = View;
			sourceTree = "<group>";
		};
		9FE75E952BB5AC2900787D53 /* ViewModel */ = {
			isa = PBXGroup;
			children = (
				9FE75E962BB5AC3E00787D53 /* PokemonCardListViewModel.swift */,
				9F4CC4002BB8F5AC0008DFB1 /* PokemonDetailViewModel.swift */,
				9FBAB45E2BE0D71800E9AD23 /* FavoriteButtonViewModel.swift */,
				9FBAB4602BE1266E00E9AD23 /* FavoriteTabViewModel.swift */,
			);
			path = ViewModel;
			sourceTree = "<group>";
		};
		FE839B45232B34D3434F5DDE /* Frameworks */ = {
			isa = PBXGroup;
			children = (
				BB3235B80A272FC51FB95E9E /* Pods_SwiftUIPokedex.framework */,
			);
			name = Frameworks;
			sourceTree = "<group>";
		};
/* End PBXGroup section */

/* Begin PBXNativeTarget section */
		9F0265202B84DF5F001F1AD3 /* SwiftUIPokedex */ = {
			isa = PBXNativeTarget;
			buildConfigurationList = 9F02652F2B84DF60001F1AD3 /* Build configuration list for PBXNativeTarget "SwiftUIPokedex" */;
			buildPhases = (
				3DCE2EC08A4F6DC7E5AE8336 /* [CP] Check Pods Manifest.lock */,
				9F02651D2B84DF5F001F1AD3 /* Sources */,
				9F02651E2B84DF5F001F1AD3 /* Frameworks */,
				9F02651F2B84DF5F001F1AD3 /* Resources */,
				09B1CB97130B41E15D6BC95D /* [CP] Embed Pods Frameworks */,
			);
			buildRules = (
			);
			dependencies = (
			);
			name = SwiftUIPokedex;
			productName = SwiftUIPokedex;
			productReference = 9F0265212B84DF5F001F1AD3 /* SwiftUIPokedex.app */;
			productType = "com.apple.product-type.application";
		};
/* End PBXNativeTarget section */

/* Begin PBXProject section */
		9F0265192B84DF5F001F1AD3 /* Project object */ = {
			isa = PBXProject;
			attributes = {
				BuildIndependentTargetsInParallel = 1;
				LastSwiftUpdateCheck = 1500;
				LastUpgradeCheck = 1500;
				TargetAttributes = {
					9F0265202B84DF5F001F1AD3 = {
						CreatedOnToolsVersion = 15.0.1;
					};
				};
			};
			buildConfigurationList = 9F02651C2B84DF5F001F1AD3 /* Build configuration list for PBXProject "SwiftUIPokedex" */;
			compatibilityVersion = "Xcode 14.0";
			developmentRegion = en;
			hasScannedForEncodings = 0;
			knownRegions = (
				en,
				Base,
			);
			mainGroup = 9F0265182B84DF5F001F1AD3;
			productRefGroup = 9F0265222B84DF5F001F1AD3 /* Products */;
			projectDirPath = "";
			projectRoot = "";
			targets = (
				9F0265202B84DF5F001F1AD3 /* SwiftUIPokedex */,
			);
		};
/* End PBXProject section */

/* Begin PBXResourcesBuildPhase section */
		9F02651F2B84DF5F001F1AD3 /* Resources */ = {
			isa = PBXResourcesBuildPhase;
			buildActionMask = 2147483647;
			files = (
				9F0265332B84E0FF001F1AD3 /* README.md in Resources */,
				9FBE4FC42B874D6C00EA8ED7 /* Poppins-ExtraLight.ttf in Resources */,
				9FBE4FBC2B874D6C00EA8ED7 /* Poppins-Medium.ttf in Resources */,
				9F02652C2B84DF60001F1AD3 /* Preview Assets.xcassets in Resources */,
				9FBE4FBB2B874D6C00EA8ED7 /* Poppins-ExtraBold.ttf in Resources */,
				9F0265292B84DF60001F1AD3 /* Assets.xcassets in Resources */,
				9FBE4FB82B874D6C00EA8ED7 /* Poppins-SemiBold.ttf in Resources */,
				9FBE4FC02B874D6C00EA8ED7 /* Poppins-Bold.ttf in Resources */,
				9FBE4FB32B874D6C00EA8ED7 /* Poppins-Light.ttf in Resources */,
				9FBE4FBA2B874D6C00EA8ED7 /* Poppins-Black.ttf in Resources */,
				9FBE4FB42B874D6C00EA8ED7 /* Poppins-Thin.ttf in Resources */,
				9FBE4FC32B874D6C00EA8ED7 /* Poppins-Regular.ttf in Resources */,
			);
			runOnlyForDeploymentPostprocessing = 0;
		};
/* End PBXResourcesBuildPhase section */

/* Begin PBXShellScriptBuildPhase section */
		09B1CB97130B41E15D6BC95D /* [CP] Embed Pods Frameworks */ = {
			isa = PBXShellScriptBuildPhase;
			buildActionMask = 2147483647;
			files = (
			);
			inputFileListPaths = (
				"${PODS_ROOT}/Target Support Files/Pods-SwiftUIPokedex/Pods-SwiftUIPokedex-frameworks-${CONFIGURATION}-input-files.xcfilelist",
			);
			name = "[CP] Embed Pods Frameworks";
			outputFileListPaths = (
				"${PODS_ROOT}/Target Support Files/Pods-SwiftUIPokedex/Pods-SwiftUIPokedex-frameworks-${CONFIGURATION}-output-files.xcfilelist",
			);
			runOnlyForDeploymentPostprocessing = 0;
			shellPath = /bin/sh;
			shellScript = "\"${PODS_ROOT}/Target Support Files/Pods-SwiftUIPokedex/Pods-SwiftUIPokedex-frameworks.sh\"\n";
			showEnvVarsInLog = 0;
		};
		3DCE2EC08A4F6DC7E5AE8336 /* [CP] Check Pods Manifest.lock */ = {
			isa = PBXShellScriptBuildPhase;
			buildActionMask = 2147483647;
			files = (
			);
			inputFileListPaths = (
			);
			inputPaths = (
				"${PODS_PODFILE_DIR_PATH}/Podfile.lock",
				"${PODS_ROOT}/Manifest.lock",
			);
			name = "[CP] Check Pods Manifest.lock";
			outputFileListPaths = (
			);
			outputPaths = (
				"$(DERIVED_FILE_DIR)/Pods-SwiftUIPokedex-checkManifestLockResult.txt",
			);
			runOnlyForDeploymentPostprocessing = 0;
			shellPath = /bin/sh;
			shellScript = "diff \"${PODS_PODFILE_DIR_PATH}/Podfile.lock\" \"${PODS_ROOT}/Manifest.lock\" > /dev/null\nif [ $? != 0 ] ; then\n    # print error to STDERR\n    echo \"error: The sandbox is not in sync with the Podfile.lock. Run 'pod install' or update your CocoaPods installation.\" >&2\n    exit 1\nfi\n# This output is used by Xcode 'outputs' to avoid re-running this script phase.\necho \"SUCCESS\" > \"${SCRIPT_OUTPUT_FILE_0}\"\n";
			showEnvVarsInLog = 0;
		};
/* End PBXShellScriptBuildPhase section */

/* Begin PBXSourcesBuildPhase section */
		9F02651D2B84DF5F001F1AD3 /* Sources */ = {
			isa = PBXSourcesBuildPhase;
			buildActionMask = 2147483647;
			files = (
				9F4CC4052BB8F6E10008DFB1 /* PokemonDetailInfo.swift in Sources */,
				9F44882F2B90B28F005F0F96 /* PokemonDetailScreen.swift in Sources */,
				9FBAB4592BE0B8CA00E9AD23 /* SortingBottomSheetContent.swift in Sources */,
				9F76DBFF2BA670600053137B /* WeaknessesView.swift in Sources */,
				9F2DA65F2BDFD40A00FA8B1E /* HandlerBar.swift in Sources */,
				9F7161792B96E0A8007A66F5 /* StatusGroupView.swift in Sources */,
				9F07B85A2B8C4C0D00BE905F /* SmallFavButton.swift in Sources */,
				9F76DC012BA7AA9F0053137B /* EvolutionsInfo.swift in Sources */,
				9F0D54172BECFDDD00220B3A /* PokemonSpeciesDataRepository.swift in Sources */,
				9FBE4FDE2B88D70B00EA8ED7 /* PokemonTypeSmallChip.swift in Sources */,
				9F0D5AFF2B9D49CE001D7009 /* BigFavButton.swift in Sources */,
				9FBAB45B2BE0B96400E9AD23 /* SortingInfo.swift in Sources */,
				9F3607622BEBBF8800321D81 /* PokemonDetailData.swift in Sources */,
				9F784E7C2BF046BE0055CEF0 /* PokemonEvolutionChainDataRepository.swift in Sources */,
				9FD18FFE2B93FC0800196B2C /* IntExt.swift in Sources */,
				9F5177AF2BE50600009E794E /* SplashScreen.swift in Sources */,
				9F0265272B84DF5F001F1AD3 /* HomeScreen.swift in Sources */,
				9F76DC052BA7AC3E0053137B /* EvolutionsInfoView.swift in Sources */,
				9FBE4FD92B883E8B00EA8ED7 /* FavoriteTabView.swift in Sources */,
				9FE75E972BB5AC3E00787D53 /* PokemonCardListViewModel.swift in Sources */,
				9F0D54152BECFBC300220B3A /* PokemonSpeciesData.swift in Sources */,
				9FBAB4612BE1266E00E9AD23 /* FavoriteTabViewModel.swift in Sources */,
				9F2DA65B2BDFCE2B00FA8B1E /* RoundCorner.swift in Sources */,
				9FA433822BE47015003B4505 /* PokemonCardListView.swift in Sources */,
				9F4CC4012BB8F5AC0008DFB1 /* PokemonDetailViewModel.swift in Sources */,
				9F2DA6562BDFB32700FA8B1E /* BottomSheetButton.swift in Sources */,
				9F784E7E2BF047B40055CEF0 /* CommonData.swift in Sources */,
				9FA4337C2BE35226003B4505 /* RemoveFavoriteUseCase.swift in Sources */,
				9F0CB06D2BD93FC200F52128 /* RegionCard.swift in Sources */,
				9F1F149B2BDDD7BE00AE5C6E /* Fonts.swift in Sources */,
				9FBAB45F2BE0D71800E9AD23 /* FavoriteButtonViewModel.swift in Sources */,
				9F0D5AFD2B9D436F001D7009 /* BackButton.swift in Sources */,
				9F1A7C222BBD8D2A00BF9F62 /* PokemonCardInfo.swift in Sources */,
				9FA433862BE4A4FA003B4505 /* FilteringSortingButtons.swift in Sources */,
				9FBE4FCC2B875AA900EA8ED7 /* ColorExt.swift in Sources */,
				9F0265252B84DF5F001F1AD3 /* SwiftUIPokedexApp.swift in Sources */,
				9FC3FCD52BF1E65C00C4BDEA /* PokemonWeaknessTypesRepository.swift in Sources */,
				9F3607602BEBB9D400321D81 /* PokemonListData.swift in Sources */,
				9FBE4FDC2B88D13400EA8ED7 /* PokemonTypeInfo.swift in Sources */,
				9F0CB06B2BD93ED700F52128 /* RegionInfo.swift in Sources */,
				9F4CC3F92BB8EAD50008DFB1 /* PokemonEvolutionsDataRepository.swift in Sources */,
				9F4680DF2BA1743C0004234E /* GenderRatioView.swift in Sources */,
				9F0D541D2BED0BFF00220B3A /* PokemonTypeData.swift in Sources */,
				9F86F3242BF34DF60083DFBB /* ShimmerView.swift in Sources */,
				9FBE4FD12B883E1A00EA8ED7 /* PokedexTabView.swift in Sources */,
				9FABA33F2B99E2EB0053517D /* PokomonDetailImageView.swift in Sources */,
				9F4CC4032BB8F64A0008DFB1 /* GetPokemonDetailInfoUseCase.swift in Sources */,
				9F0D54132BECFA9D00220B3A /* PokemonDetailDataRepository.swift in Sources */,
				9F0D541B2BED0BD900220B3A /* PokemonTypeDataRepository.swift in Sources */,
				9FBE4FC92B874F1000EA8ED7 /* TabViewBottomButton.swift in Sources */,
				9FD705412B8AC08400CBFA42 /* PokemonTypeCard.swift in Sources */,
				9F2DA65D2BDFD36D00FA8B1E /* FilterBottomSheetContent.swift in Sources */,
				9FBAB45D2BE0D5E400E9AD23 /* PokemonFavoriteDataRepository.swift in Sources */,
				9FBE4FD32B883E4100EA8ED7 /* RegionTabView.swift in Sources */,
				9FA4337A2BE338C9003B4505 /* SwipeableView.swift in Sources */,
				9FBAB4632BE126FE00E9AD23 /* GetFavoriteListUseCase.swift in Sources */,
				9FA433802BE46F91003B4505 /* RegionDetailScreen.swift in Sources */,
				9F0CB0702BD944D900F52128 /* Colors.swift in Sources */,
				9FBE4FD52B883E6300EA8ED7 /* ProfileTabView.swift in Sources */,
				9FD705472B8ACCC700CBFA42 /* PokemonCard.swift in Sources */,
				9F1A7C242BBD8E8200BF9F62 /* GetPokemonCardInfoListUseCase.swift in Sources */,
				9F784E7A2BF0448C0055CEF0 /* PokemonEvolutionChainData.swift in Sources */,
				9F4CC3FC2BB8EDFA0008DFB1 /* EvolutionsData.swift in Sources */,
				9F0D54112BECFA3600220B3A /* PokemonListDataRepository.swift in Sources */,
			);
			runOnlyForDeploymentPostprocessing = 0;
		};
/* End PBXSourcesBuildPhase section */

/* Begin XCBuildConfiguration section */
		9F02652D2B84DF60001F1AD3 /* Debug */ = {
			isa = XCBuildConfiguration;
			buildSettings = {
				ALWAYS_SEARCH_USER_PATHS = NO;
				ASSETCATALOG_COMPILER_GENERATE_SWIFT_ASSET_SYMBOL_EXTENSIONS = YES;
				CLANG_ANALYZER_NONNULL = YES;
				CLANG_ANALYZER_NUMBER_OBJECT_CONVERSION = YES_AGGRESSIVE;
				CLANG_CXX_LANGUAGE_STANDARD = "gnu++20";
				CLANG_ENABLE_MODULES = YES;
				CLANG_ENABLE_OBJC_ARC = YES;
				CLANG_ENABLE_OBJC_WEAK = YES;
				CLANG_WARN_BLOCK_CAPTURE_AUTORELEASING = YES;
				CLANG_WARN_BOOL_CONVERSION = YES;
				CLANG_WARN_COMMA = YES;
				CLANG_WARN_CONSTANT_CONVERSION = YES;
				CLANG_WARN_DEPRECATED_OBJC_IMPLEMENTATIONS = YES;
				CLANG_WARN_DIRECT_OBJC_ISA_USAGE = YES_ERROR;
				CLANG_WARN_DOCUMENTATION_COMMENTS = YES;
				CLANG_WARN_EMPTY_BODY = YES;
				CLANG_WARN_ENUM_CONVERSION = YES;
				CLANG_WARN_INFINITE_RECURSION = YES;
				CLANG_WARN_INT_CONVERSION = YES;
				CLANG_WARN_NON_LITERAL_NULL_CONVERSION = YES;
				CLANG_WARN_OBJC_IMPLICIT_RETAIN_SELF = YES;
				CLANG_WARN_OBJC_LITERAL_CONVERSION = YES;
				CLANG_WARN_OBJC_ROOT_CLASS = YES_ERROR;
				CLANG_WARN_QUOTED_INCLUDE_IN_FRAMEWORK_HEADER = YES;
				CLANG_WARN_RANGE_LOOP_ANALYSIS = YES;
				CLANG_WARN_STRICT_PROTOTYPES = YES;
				CLANG_WARN_SUSPICIOUS_MOVE = YES;
				CLANG_WARN_UNGUARDED_AVAILABILITY = YES_AGGRESSIVE;
				CLANG_WARN_UNREACHABLE_CODE = YES;
				CLANG_WARN__DUPLICATE_METHOD_MATCH = YES;
				COPY_PHASE_STRIP = NO;
				DEBUG_INFORMATION_FORMAT = dwarf;
				ENABLE_STRICT_OBJC_MSGSEND = YES;
				ENABLE_TESTABILITY = YES;
				ENABLE_USER_SCRIPT_SANDBOXING = NO;
				GCC_C_LANGUAGE_STANDARD = gnu17;
				GCC_DYNAMIC_NO_PIC = NO;
				GCC_NO_COMMON_BLOCKS = YES;
				GCC_OPTIMIZATION_LEVEL = 0;
				GCC_PREPROCESSOR_DEFINITIONS = (
					"DEBUG=1",
					"$(inherited)",
				);
				GCC_WARN_64_TO_32_BIT_CONVERSION = YES;
				GCC_WARN_ABOUT_RETURN_TYPE = YES_ERROR;
				GCC_WARN_UNDECLARED_SELECTOR = YES;
				GCC_WARN_UNINITIALIZED_AUTOS = YES_AGGRESSIVE;
				GCC_WARN_UNUSED_FUNCTION = YES;
				GCC_WARN_UNUSED_VARIABLE = YES;
				IPHONEOS_DEPLOYMENT_TARGET = 15.0;
				LOCALIZATION_PREFERS_STRING_CATALOGS = YES;
				MTL_ENABLE_DEBUG_INFO = INCLUDE_SOURCE;
				MTL_FAST_MATH = YES;
				ONLY_ACTIVE_ARCH = YES;
				SDKROOT = iphoneos;
				SWIFT_ACTIVE_COMPILATION_CONDITIONS = "DEBUG $(inherited)";
				SWIFT_OPTIMIZATION_LEVEL = "-Onone";
			};
			name = Debug;
		};
		9F02652E2B84DF60001F1AD3 /* Release */ = {
			isa = XCBuildConfiguration;
			buildSettings = {
				ALWAYS_SEARCH_USER_PATHS = NO;
				ASSETCATALOG_COMPILER_GENERATE_SWIFT_ASSET_SYMBOL_EXTENSIONS = YES;
				CLANG_ANALYZER_NONNULL = YES;
				CLANG_ANALYZER_NUMBER_OBJECT_CONVERSION = YES_AGGRESSIVE;
				CLANG_CXX_LANGUAGE_STANDARD = "gnu++20";
				CLANG_ENABLE_MODULES = YES;
				CLANG_ENABLE_OBJC_ARC = YES;
				CLANG_ENABLE_OBJC_WEAK = YES;
				CLANG_WARN_BLOCK_CAPTURE_AUTORELEASING = YES;
				CLANG_WARN_BOOL_CONVERSION = YES;
				CLANG_WARN_COMMA = YES;
				CLANG_WARN_CONSTANT_CONVERSION = YES;
				CLANG_WARN_DEPRECATED_OBJC_IMPLEMENTATIONS = YES;
				CLANG_WARN_DIRECT_OBJC_ISA_USAGE = YES_ERROR;
				CLANG_WARN_DOCUMENTATION_COMMENTS = YES;
				CLANG_WARN_EMPTY_BODY = YES;
				CLANG_WARN_ENUM_CONVERSION = YES;
				CLANG_WARN_INFINITE_RECURSION = YES;
				CLANG_WARN_INT_CONVERSION = YES;
				CLANG_WARN_NON_LITERAL_NULL_CONVERSION = YES;
				CLANG_WARN_OBJC_IMPLICIT_RETAIN_SELF = YES;
				CLANG_WARN_OBJC_LITERAL_CONVERSION = YES;
				CLANG_WARN_OBJC_ROOT_CLASS = YES_ERROR;
				CLANG_WARN_QUOTED_INCLUDE_IN_FRAMEWORK_HEADER = YES;
				CLANG_WARN_RANGE_LOOP_ANALYSIS = YES;
				CLANG_WARN_STRICT_PROTOTYPES = YES;
				CLANG_WARN_SUSPICIOUS_MOVE = YES;
				CLANG_WARN_UNGUARDED_AVAILABILITY = YES_AGGRESSIVE;
				CLANG_WARN_UNREACHABLE_CODE = YES;
				CLANG_WARN__DUPLICATE_METHOD_MATCH = YES;
				COPY_PHASE_STRIP = NO;
				DEBUG_INFORMATION_FORMAT = "dwarf-with-dsym";
				ENABLE_NS_ASSERTIONS = NO;
				ENABLE_STRICT_OBJC_MSGSEND = YES;
				ENABLE_USER_SCRIPT_SANDBOXING = NO;
				GCC_C_LANGUAGE_STANDARD = gnu17;
				GCC_NO_COMMON_BLOCKS = YES;
				GCC_WARN_64_TO_32_BIT_CONVERSION = YES;
				GCC_WARN_ABOUT_RETURN_TYPE = YES_ERROR;
				GCC_WARN_UNDECLARED_SELECTOR = YES;
				GCC_WARN_UNINITIALIZED_AUTOS = YES_AGGRESSIVE;
				GCC_WARN_UNUSED_FUNCTION = YES;
				GCC_WARN_UNUSED_VARIABLE = YES;
				IPHONEOS_DEPLOYMENT_TARGET = 15.0;
				LOCALIZATION_PREFERS_STRING_CATALOGS = YES;
				MTL_ENABLE_DEBUG_INFO = NO;
				MTL_FAST_MATH = YES;
				SDKROOT = iphoneos;
				SWIFT_COMPILATION_MODE = wholemodule;
				VALIDATE_PRODUCT = YES;
			};
			name = Release;
		};
		9F0265302B84DF60001F1AD3 /* Debug */ = {
			isa = XCBuildConfiguration;
			baseConfigurationReference = 506A47ADF2061A587B426D65 /* Pods-SwiftUIPokedex.debug.xcconfig */;
			buildSettings = {
				ASSETCATALOG_COMPILER_APPICON_NAME = AppIcon;
				ASSETCATALOG_COMPILER_GLOBAL_ACCENT_COLOR_NAME = AccentColor;
				CODE_SIGN_STYLE = Automatic;
				CURRENT_PROJECT_VERSION = 1;
				DEVELOPMENT_ASSET_PATHS = "\"SwiftUIPokedex/Preview Content\"";
				DEVELOPMENT_TEAM = 2R5M774GJ7;
				ENABLE_PREVIEWS = YES;
				GENERATE_INFOPLIST_FILE = YES;
				INFOPLIST_FILE = SwiftUIPokedex/Info.plist;
				INFOPLIST_KEY_UIApplicationSceneManifest_Generation = YES;
				INFOPLIST_KEY_UIApplicationSupportsIndirectInputEvents = YES;
				INFOPLIST_KEY_UILaunchScreen_Generation = YES;
				INFOPLIST_KEY_UISupportedInterfaceOrientations_iPad = "UIInterfaceOrientationPortrait UIInterfaceOrientationPortraitUpsideDown UIInterfaceOrientationLandscapeLeft UIInterfaceOrientationLandscapeRight";
				INFOPLIST_KEY_UISupportedInterfaceOrientations_iPhone = "UIInterfaceOrientationPortrait UIInterfaceOrientationLandscapeLeft UIInterfaceOrientationLandscapeRight";
				IPHONEOS_DEPLOYMENT_TARGET = 16.0;
				LD_RUNPATH_SEARCH_PATHS = (
					"$(inherited)",
					"@executable_path/Frameworks",
				);
				MARKETING_VERSION = 1.0;
				PRODUCT_BUNDLE_IDENTIFIER = com.origogi.pokedex.SwiftUIPokedex;
				PRODUCT_NAME = "$(TARGET_NAME)";
				SWIFT_EMIT_LOC_STRINGS = YES;
				SWIFT_VERSION = 5.0;
				TARGETED_DEVICE_FAMILY = "1,2";
			};
			name = Debug;
		};
		9F0265312B84DF60001F1AD3 /* Release */ = {
			isa = XCBuildConfiguration;
			baseConfigurationReference = 085E89D6695E9431D893C417 /* Pods-SwiftUIPokedex.release.xcconfig */;
			buildSettings = {
				ASSETCATALOG_COMPILER_APPICON_NAME = AppIcon;
				ASSETCATALOG_COMPILER_GLOBAL_ACCENT_COLOR_NAME = AccentColor;
				CODE_SIGN_STYLE = Automatic;
				CURRENT_PROJECT_VERSION = 1;
				DEVELOPMENT_ASSET_PATHS = "\"SwiftUIPokedex/Preview Content\"";
				DEVELOPMENT_TEAM = 2R5M774GJ7;
				ENABLE_PREVIEWS = YES;
				GENERATE_INFOPLIST_FILE = YES;
				INFOPLIST_FILE = SwiftUIPokedex/Info.plist;
				INFOPLIST_KEY_UIApplicationSceneManifest_Generation = YES;
				INFOPLIST_KEY_UIApplicationSupportsIndirectInputEvents = YES;
				INFOPLIST_KEY_UILaunchScreen_Generation = YES;
				INFOPLIST_KEY_UISupportedInterfaceOrientations_iPad = "UIInterfaceOrientationPortrait UIInterfaceOrientationPortraitUpsideDown UIInterfaceOrientationLandscapeLeft UIInterfaceOrientationLandscapeRight";
				INFOPLIST_KEY_UISupportedInterfaceOrientations_iPhone = "UIInterfaceOrientationPortrait UIInterfaceOrientationLandscapeLeft UIInterfaceOrientationLandscapeRight";
				IPHONEOS_DEPLOYMENT_TARGET = 16.0;
				LD_RUNPATH_SEARCH_PATHS = (
					"$(inherited)",
					"@executable_path/Frameworks",
				);
				MARKETING_VERSION = 1.0;
				PRODUCT_BUNDLE_IDENTIFIER = com.origogi.pokedex.SwiftUIPokedex;
				PRODUCT_NAME = "$(TARGET_NAME)";
				SWIFT_EMIT_LOC_STRINGS = YES;
				SWIFT_VERSION = 5.0;
				TARGETED_DEVICE_FAMILY = "1,2";
			};
			name = Release;
		};
/* End XCBuildConfiguration section */

/* Begin XCConfigurationList section */
		9F02651C2B84DF5F001F1AD3 /* Build configuration list for PBXProject "SwiftUIPokedex" */ = {
			isa = XCConfigurationList;
			buildConfigurations = (
				9F02652D2B84DF60001F1AD3 /* Debug */,
				9F02652E2B84DF60001F1AD3 /* Release */,
			);
			defaultConfigurationIsVisible = 0;
			defaultConfigurationName = Release;
		};
		9F02652F2B84DF60001F1AD3 /* Build configuration list for PBXNativeTarget "SwiftUIPokedex" */ = {
			isa = XCConfigurationList;
			buildConfigurations = (
				9F0265302B84DF60001F1AD3 /* Debug */,
				9F0265312B84DF60001F1AD3 /* Release */,
			);
			defaultConfigurationIsVisible = 0;
			defaultConfigurationName = Release;
		};
/* End XCConfigurationList section */
	};
	rootObject = 9F0265192B84DF5F001F1AD3 /* Project object */;
}
