// !$*UTF8*$!
{
	archiveVersion = 1;
	classes = {
	};
	objectVersion = 56;
	objects = {

/* Begin PBXBuildFile section */
		9F0265252B84DF5F001F1AD3 /* SwiftUIPokedexApp.swift in Sources */ = {isa = PBXBuildFile; fileRef = 9F0265242B84DF5F001F1AD3 /* SwiftUIPokedexApp.swift */; };
		9F0265272B84DF5F001F1AD3 /* ContentView.swift in Sources */ = {isa = PBXBuildFile; fileRef = 9F0265262B84DF5F001F1AD3 /* ContentView.swift */; };
		9F0265292B84DF60001F1AD3 /* Assets.xcassets in Resources */ = {isa = PBXBuildFile; fileRef = 9F0265282B84DF60001F1AD3 /* Assets.xcassets */; };
		9F02652C2B84DF60001F1AD3 /* Preview Assets.xcassets in Resources */ = {isa = PBXBuildFile; fileRef = 9F02652B2B84DF60001F1AD3 /* Preview Assets.xcassets */; };
		9F0265332B84E0FF001F1AD3 /* README.md in Resources */ = {isa = PBXBuildFile; fileRef = 9F0265322B84E0FF001F1AD3 /* README.md */; };
		9F07B85A2B8C4C0D00BE905F /* SmallFavButton.swift in Sources */ = {isa = PBXBuildFile; fileRef = 9F07B8592B8C4C0D00BE905F /* SmallFavButton.swift */; };
		9F0D5ADD2B9D36CE001D7009 /* 25.gif in Resources */ = {isa = PBXBuildFile; fileRef = 9F0D5AD02B9D36CE001D7009 /* 25.gif */; };
		9F0D5ADE2B9D36CE001D7009 /* 8.gif in Resources */ = {isa = PBXBuildFile; fileRef = 9F0D5AD12B9D36CE001D7009 /* 8.gif */; };
		9F0D5ADF2B9D36CE001D7009 /* 151.gif in Resources */ = {isa = PBXBuildFile; fileRef = 9F0D5AD22B9D36CE001D7009 /* 151.gif */; };
		9F0D5AE02B9D36CE001D7009 /* 306.gif in Resources */ = {isa = PBXBuildFile; fileRef = 9F0D5AD32B9D36CE001D7009 /* 306.gif */; };
		9F0D5AE12B9D36CE001D7009 /* 51.gif in Resources */ = {isa = PBXBuildFile; fileRef = 9F0D5AD42B9D36CE001D7009 /* 51.gif */; };
		9F0D5AE22B9D36CE001D7009 /* 15.gif in Resources */ = {isa = PBXBuildFile; fileRef = 9F0D5AD52B9D36CE001D7009 /* 15.gif */; };
		9F0D5AE32B9D36CE001D7009 /* 109.gif in Resources */ = {isa = PBXBuildFile; fileRef = 9F0D5AD62B9D36CE001D7009 /* 109.gif */; };
		9F0D5AE42B9D36CE001D7009 /* 95.gif in Resources */ = {isa = PBXBuildFile; fileRef = 9F0D5AD72B9D36CE001D7009 /* 95.gif */; };
		9F0D5AE52B9D36CE001D7009 /* 245.gif in Resources */ = {isa = PBXBuildFile; fileRef = 9F0D5AD82B9D36CE001D7009 /* 245.gif */; };
		9F0D5AE62B9D36CE001D7009 /* 9.gif in Resources */ = {isa = PBXBuildFile; fileRef = 9F0D5AD92B9D36CE001D7009 /* 9.gif */; };
		9F0D5AE72B9D36CE001D7009 /* 108.gif in Resources */ = {isa = PBXBuildFile; fileRef = 9F0D5ADA2B9D36CE001D7009 /* 108.gif */; };
		9F0D5AE82B9D36CE001D7009 /* 7.gif in Resources */ = {isa = PBXBuildFile; fileRef = 9F0D5ADB2B9D36CE001D7009 /* 7.gif */; };
		9F0D5AE92B9D36CE001D7009 /* 35.gif in Resources */ = {isa = PBXBuildFile; fileRef = 9F0D5ADC2B9D36CE001D7009 /* 35.gif */; };
		9F0D5AF12B9D3754001D7009 /* 384.gif in Resources */ = {isa = PBXBuildFile; fileRef = 9F0D5AEA2B9D3754001D7009 /* 384.gif */; };
		9F0D5AF22B9D3754001D7009 /* 448.gif in Resources */ = {isa = PBXBuildFile; fileRef = 9F0D5AEB2B9D3754001D7009 /* 448.gif */; };
		9F0D5AF32B9D3754001D7009 /* 497.gif in Resources */ = {isa = PBXBuildFile; fileRef = 9F0D5AEC2B9D3754001D7009 /* 497.gif */; };
		9F0D5AF42B9D3754001D7009 /* 733.gif in Resources */ = {isa = PBXBuildFile; fileRef = 9F0D5AED2B9D3754001D7009 /* 733.gif */; };
		9F0D5AF52B9D3754001D7009 /* 609.gif in Resources */ = {isa = PBXBuildFile; fileRef = 9F0D5AEE2B9D3754001D7009 /* 609.gif */; };
		9F0D5AF62B9D3754001D7009 /* 571.gif in Resources */ = {isa = PBXBuildFile; fileRef = 9F0D5AEF2B9D3754001D7009 /* 571.gif */; };
		9F0D5AF72B9D3754001D7009 /* 613.gif in Resources */ = {isa = PBXBuildFile; fileRef = 9F0D5AF02B9D3754001D7009 /* 613.gif */; };
		9F0D5AFD2B9D436F001D7009 /* BackButton.swift in Sources */ = {isa = PBXBuildFile; fileRef = 9F0D5AFC2B9D436F001D7009 /* BackButton.swift */; };
		9F44882F2B90B28F005F0F96 /* PokemonDetailScreen.swift in Sources */ = {isa = PBXBuildFile; fileRef = 9F44882E2B90B28F005F0F96 /* PokemonDetailScreen.swift */; };
		9F7161792B96E0A8007A66F5 /* StatusGroupView.swift in Sources */ = {isa = PBXBuildFile; fileRef = 9F7161782B96E0A8007A66F5 /* StatusGroupView.swift */; };
		9FABA33F2B99E2EB0053517D /* PokomonDetailImageView.swift in Sources */ = {isa = PBXBuildFile; fileRef = 9FABA33E2B99E2EB0053517D /* PokomonDetailImageView.swift */; };
		9FBE4FB32B874D6C00EA8ED7 /* Poppins-Light.ttf in Resources */ = {isa = PBXBuildFile; fileRef = 9FBE4FA12B874D6B00EA8ED7 /* Poppins-Light.ttf */; };
		9FBE4FB42B874D6C00EA8ED7 /* Poppins-Thin.ttf in Resources */ = {isa = PBXBuildFile; fileRef = 9FBE4FA22B874D6B00EA8ED7 /* Poppins-Thin.ttf */; };
		9FBE4FB82B874D6C00EA8ED7 /* Poppins-SemiBold.ttf in Resources */ = {isa = PBXBuildFile; fileRef = 9FBE4FA62B874D6B00EA8ED7 /* Poppins-SemiBold.ttf */; };
		9FBE4FBA2B874D6C00EA8ED7 /* Poppins-Black.ttf in Resources */ = {isa = PBXBuildFile; fileRef = 9FBE4FA82B874D6B00EA8ED7 /* Poppins-Black.ttf */; };
		9FBE4FBB2B874D6C00EA8ED7 /* Poppins-ExtraBold.ttf in Resources */ = {isa = PBXBuildFile; fileRef = 9FBE4FA92B874D6B00EA8ED7 /* Poppins-ExtraBold.ttf */; };
		9FBE4FBC2B874D6C00EA8ED7 /* Poppins-Medium.ttf in Resources */ = {isa = PBXBuildFile; fileRef = 9FBE4FAA2B874D6B00EA8ED7 /* Poppins-Medium.ttf */; };
		9FBE4FC02B874D6C00EA8ED7 /* Poppins-Bold.ttf in Resources */ = {isa = PBXBuildFile; fileRef = 9FBE4FAE2B874D6B00EA8ED7 /* Poppins-Bold.ttf */; };
		9FBE4FC32B874D6C00EA8ED7 /* Poppins-Regular.ttf in Resources */ = {isa = PBXBuildFile; fileRef = 9FBE4FB12B874D6C00EA8ED7 /* Poppins-Regular.ttf */; };
		9FBE4FC42B874D6C00EA8ED7 /* Poppins-ExtraLight.ttf in Resources */ = {isa = PBXBuildFile; fileRef = 9FBE4FB22B874D6C00EA8ED7 /* Poppins-ExtraLight.ttf */; };
		9FBE4FC92B874F1000EA8ED7 /* TabViewBottomButton.swift in Sources */ = {isa = PBXBuildFile; fileRef = 9FBE4FC82B874F1000EA8ED7 /* TabViewBottomButton.swift */; };
		9FBE4FCC2B875AA900EA8ED7 /* ColorExt.swift in Sources */ = {isa = PBXBuildFile; fileRef = 9FBE4FCB2B875AA900EA8ED7 /* ColorExt.swift */; };
		9FBE4FD12B883E1A00EA8ED7 /* PokedexTabView.swift in Sources */ = {isa = PBXBuildFile; fileRef = 9FBE4FD02B883E1A00EA8ED7 /* PokedexTabView.swift */; };
		9FBE4FD32B883E4100EA8ED7 /* RegionTabView.swift in Sources */ = {isa = PBXBuildFile; fileRef = 9FBE4FD22B883E4100EA8ED7 /* RegionTabView.swift */; };
		9FBE4FD52B883E6300EA8ED7 /* ProfilePageView.swift in Sources */ = {isa = PBXBuildFile; fileRef = 9FBE4FD42B883E6300EA8ED7 /* ProfilePageView.swift */; };
		9FBE4FD92B883E8B00EA8ED7 /* FavoritePageView.swift in Sources */ = {isa = PBXBuildFile; fileRef = 9FBE4FD82B883E8B00EA8ED7 /* FavoritePageView.swift */; };
		9FBE4FDC2B88D13400EA8ED7 /* ElementTypeInfo.swift in Sources */ = {isa = PBXBuildFile; fileRef = 9FBE4FDB2B88D13400EA8ED7 /* ElementTypeInfo.swift */; };
		9FBE4FDE2B88D70B00EA8ED7 /* ElementTypeChip.swift in Sources */ = {isa = PBXBuildFile; fileRef = 9FBE4FDD2B88D70B00EA8ED7 /* ElementTypeChip.swift */; };
		9FD18FFE2B93FC0800196B2C /* IntExt.swift in Sources */ = {isa = PBXBuildFile; fileRef = 9FD18FFD2B93FC0800196B2C /* IntExt.swift */; };
		9FD190002B940EC900196B2C /* StatusView.swift in Sources */ = {isa = PBXBuildFile; fileRef = 9FD18FFF2B940EC900196B2C /* StatusView.swift */; };
		9FD705412B8AC08400CBFA42 /* ElementTypeCard.swift in Sources */ = {isa = PBXBuildFile; fileRef = 9FD705402B8AC08400CBFA42 /* ElementTypeCard.swift */; };
		9FD705432B8AC3FC00CBFA42 /* PokemonInfo.swift in Sources */ = {isa = PBXBuildFile; fileRef = 9FD705422B8AC3FC00CBFA42 /* PokemonInfo.swift */; };
		9FD705452B8AC47700CBFA42 /* AppData.swift in Sources */ = {isa = PBXBuildFile; fileRef = 9FD705442B8AC47700CBFA42 /* AppData.swift */; };
		9FD705472B8ACCC700CBFA42 /* PokemonCard.swift in Sources */ = {isa = PBXBuildFile; fileRef = 9FD705462B8ACCC700CBFA42 /* PokemonCard.swift */; };
		9FE4B3B02B99FF6800A2BDD8 /* PokemonDetailImageInfo.swift in Sources */ = {isa = PBXBuildFile; fileRef = 9FE4B3AF2B99FF6800A2BDD8 /* PokemonDetailImageInfo.swift */; };
		9FF67E142B9B56CE00C3D11D /* 1.gif in Resources */ = {isa = PBXBuildFile; fileRef = 9FF67E132B9B56CE00C3D11D /* 1.gif */; };
		9FF67E172B9B577E00C3D11D /* 3.gif in Resources */ = {isa = PBXBuildFile; fileRef = 9FF67E152B9B577E00C3D11D /* 3.gif */; };
		9FF67E182B9B577E00C3D11D /* 2.gif in Resources */ = {isa = PBXBuildFile; fileRef = 9FF67E162B9B577E00C3D11D /* 2.gif */; };
		9FF67E1D2B9B585C00C3D11D /* 4.gif in Resources */ = {isa = PBXBuildFile; fileRef = 9FF67E1A2B9B585C00C3D11D /* 4.gif */; };
		9FF67E1E2B9B585C00C3D11D /* 5.gif in Resources */ = {isa = PBXBuildFile; fileRef = 9FF67E1B2B9B585C00C3D11D /* 5.gif */; };
		9FF67E222B9B59A600C3D11D /* 6.gif in Resources */ = {isa = PBXBuildFile; fileRef = 9FF67E212B9B59A600C3D11D /* 6.gif */; };
		F0192B1063AB62DDDABBD6B0 /* Pods_SwiftUIPokedex.framework in Frameworks */ = {isa = PBXBuildFile; fileRef = BB3235B80A272FC51FB95E9E /* Pods_SwiftUIPokedex.framework */; };
/* End PBXBuildFile section */

/* Begin PBXFileReference section */
		085E89D6695E9431D893C417 /* Pods-SwiftUIPokedex.release.xcconfig */ = {isa = PBXFileReference; includeInIndex = 1; lastKnownFileType = text.xcconfig; name = "Pods-SwiftUIPokedex.release.xcconfig"; path = "Target Support Files/Pods-SwiftUIPokedex/Pods-SwiftUIPokedex.release.xcconfig"; sourceTree = "<group>"; };
		506A47ADF2061A587B426D65 /* Pods-SwiftUIPokedex.debug.xcconfig */ = {isa = PBXFileReference; includeInIndex = 1; lastKnownFileType = text.xcconfig; name = "Pods-SwiftUIPokedex.debug.xcconfig"; path = "Target Support Files/Pods-SwiftUIPokedex/Pods-SwiftUIPokedex.debug.xcconfig"; sourceTree = "<group>"; };
		9F0265212B84DF5F001F1AD3 /* SwiftUIPokedex.app */ = {isa = PBXFileReference; explicitFileType = wrapper.application; includeInIndex = 0; path = SwiftUIPokedex.app; sourceTree = BUILT_PRODUCTS_DIR; };
		9F0265242B84DF5F001F1AD3 /* SwiftUIPokedexApp.swift */ = {isa = PBXFileReference; lastKnownFileType = sourcecode.swift; path = SwiftUIPokedexApp.swift; sourceTree = "<group>"; };
		9F0265262B84DF5F001F1AD3 /* ContentView.swift */ = {isa = PBXFileReference; lastKnownFileType = sourcecode.swift; path = ContentView.swift; sourceTree = "<group>"; };
		9F0265282B84DF60001F1AD3 /* Assets.xcassets */ = {isa = PBXFileReference; lastKnownFileType = folder.assetcatalog; path = Assets.xcassets; sourceTree = "<group>"; };
		9F02652B2B84DF60001F1AD3 /* Preview Assets.xcassets */ = {isa = PBXFileReference; lastKnownFileType = folder.assetcatalog; path = "Preview Assets.xcassets"; sourceTree = "<group>"; };
		9F0265322B84E0FF001F1AD3 /* README.md */ = {isa = PBXFileReference; fileEncoding = 4; lastKnownFileType = net.daringfireball.markdown; path = README.md; sourceTree = "<group>"; };
		9F07B8592B8C4C0D00BE905F /* SmallFavButton.swift */ = {isa = PBXFileReference; lastKnownFileType = sourcecode.swift; path = SmallFavButton.swift; sourceTree = "<group>"; };
		9F0D5AD02B9D36CE001D7009 /* 25.gif */ = {isa = PBXFileReference; lastKnownFileType = image.gif; path = 25.gif; sourceTree = "<group>"; };
		9F0D5AD12B9D36CE001D7009 /* 8.gif */ = {isa = PBXFileReference; lastKnownFileType = image.gif; path = 8.gif; sourceTree = "<group>"; };
		9F0D5AD22B9D36CE001D7009 /* 151.gif */ = {isa = PBXFileReference; lastKnownFileType = image.gif; path = 151.gif; sourceTree = "<group>"; };
		9F0D5AD32B9D36CE001D7009 /* 306.gif */ = {isa = PBXFileReference; lastKnownFileType = image.gif; path = 306.gif; sourceTree = "<group>"; };
		9F0D5AD42B9D36CE001D7009 /* 51.gif */ = {isa = PBXFileReference; lastKnownFileType = image.gif; path = 51.gif; sourceTree = "<group>"; };
		9F0D5AD52B9D36CE001D7009 /* 15.gif */ = {isa = PBXFileReference; lastKnownFileType = image.gif; path = 15.gif; sourceTree = "<group>"; };
		9F0D5AD62B9D36CE001D7009 /* 109.gif */ = {isa = PBXFileReference; lastKnownFileType = image.gif; path = 109.gif; sourceTree = "<group>"; };
		9F0D5AD72B9D36CE001D7009 /* 95.gif */ = {isa = PBXFileReference; lastKnownFileType = image.gif; path = 95.gif; sourceTree = "<group>"; };
		9F0D5AD82B9D36CE001D7009 /* 245.gif */ = {isa = PBXFileReference; lastKnownFileType = image.gif; path = 245.gif; sourceTree = "<group>"; };
		9F0D5AD92B9D36CE001D7009 /* 9.gif */ = {isa = PBXFileReference; lastKnownFileType = image.gif; path = 9.gif; sourceTree = "<group>"; };
		9F0D5ADA2B9D36CE001D7009 /* 108.gif */ = {isa = PBXFileReference; lastKnownFileType = image.gif; path = 108.gif; sourceTree = "<group>"; };
		9F0D5ADB2B9D36CE001D7009 /* 7.gif */ = {isa = PBXFileReference; lastKnownFileType = image.gif; path = 7.gif; sourceTree = "<group>"; };
		9F0D5ADC2B9D36CE001D7009 /* 35.gif */ = {isa = PBXFileReference; lastKnownFileType = image.gif; path = 35.gif; sourceTree = "<group>"; };
		9F0D5AEA2B9D3754001D7009 /* 384.gif */ = {isa = PBXFileReference; lastKnownFileType = image.gif; path = 384.gif; sourceTree = "<group>"; };
		9F0D5AEB2B9D3754001D7009 /* 448.gif */ = {isa = PBXFileReference; lastKnownFileType = image.gif; path = 448.gif; sourceTree = "<group>"; };
		9F0D5AEC2B9D3754001D7009 /* 497.gif */ = {isa = PBXFileReference; lastKnownFileType = image.gif; path = 497.gif; sourceTree = "<group>"; };
		9F0D5AED2B9D3754001D7009 /* 733.gif */ = {isa = PBXFileReference; lastKnownFileType = image.gif; path = 733.gif; sourceTree = "<group>"; };
		9F0D5AEE2B9D3754001D7009 /* 609.gif */ = {isa = PBXFileReference; lastKnownFileType = image.gif; path = 609.gif; sourceTree = "<group>"; };
		9F0D5AEF2B9D3754001D7009 /* 571.gif */ = {isa = PBXFileReference; lastKnownFileType = image.gif; path = 571.gif; sourceTree = "<group>"; };
		9F0D5AF02B9D3754001D7009 /* 613.gif */ = {isa = PBXFileReference; lastKnownFileType = image.gif; path = 613.gif; sourceTree = "<group>"; };
		9F0D5AFC2B9D436F001D7009 /* BackButton.swift */ = {isa = PBXFileReference; lastKnownFileType = sourcecode.swift; path = BackButton.swift; sourceTree = "<group>"; };
		9F44882E2B90B28F005F0F96 /* PokemonDetailScreen.swift */ = {isa = PBXFileReference; lastKnownFileType = sourcecode.swift; path = PokemonDetailScreen.swift; sourceTree = "<group>"; };
		9F7161782B96E0A8007A66F5 /* StatusGroupView.swift */ = {isa = PBXFileReference; lastKnownFileType = sourcecode.swift; path = StatusGroupView.swift; sourceTree = "<group>"; };
		9FABA33E2B99E2EB0053517D /* PokomonDetailImageView.swift */ = {isa = PBXFileReference; lastKnownFileType = sourcecode.swift; path = PokomonDetailImageView.swift; sourceTree = "<group>"; };
		9FBE4FA12B874D6B00EA8ED7 /* Poppins-Light.ttf */ = {isa = PBXFileReference; lastKnownFileType = file; path = "Poppins-Light.ttf"; sourceTree = "<group>"; };
		9FBE4FA22B874D6B00EA8ED7 /* Poppins-Thin.ttf */ = {isa = PBXFileReference; lastKnownFileType = file; path = "Poppins-Thin.ttf"; sourceTree = "<group>"; };
		9FBE4FA62B874D6B00EA8ED7 /* Poppins-SemiBold.ttf */ = {isa = PBXFileReference; lastKnownFileType = file; path = "Poppins-SemiBold.ttf"; sourceTree = "<group>"; };
		9FBE4FA82B874D6B00EA8ED7 /* Poppins-Black.ttf */ = {isa = PBXFileReference; lastKnownFileType = file; path = "Poppins-Black.ttf"; sourceTree = "<group>"; };
		9FBE4FA92B874D6B00EA8ED7 /* Poppins-ExtraBold.ttf */ = {isa = PBXFileReference; lastKnownFileType = file; path = "Poppins-ExtraBold.ttf"; sourceTree = "<group>"; };
		9FBE4FAA2B874D6B00EA8ED7 /* Poppins-Medium.ttf */ = {isa = PBXFileReference; lastKnownFileType = file; path = "Poppins-Medium.ttf"; sourceTree = "<group>"; };
		9FBE4FAE2B874D6B00EA8ED7 /* Poppins-Bold.ttf */ = {isa = PBXFileReference; lastKnownFileType = file; path = "Poppins-Bold.ttf"; sourceTree = "<group>"; };
		9FBE4FB12B874D6C00EA8ED7 /* Poppins-Regular.ttf */ = {isa = PBXFileReference; lastKnownFileType = file; path = "Poppins-Regular.ttf"; sourceTree = "<group>"; };
		9FBE4FB22B874D6C00EA8ED7 /* Poppins-ExtraLight.ttf */ = {isa = PBXFileReference; lastKnownFileType = file; path = "Poppins-ExtraLight.ttf"; sourceTree = "<group>"; };
		9FBE4FC62B874E0500EA8ED7 /* Info.plist */ = {isa = PBXFileReference; lastKnownFileType = text.plist; path = Info.plist; sourceTree = "<group>"; };
		9FBE4FC82B874F1000EA8ED7 /* TabViewBottomButton.swift */ = {isa = PBXFileReference; lastKnownFileType = sourcecode.swift; path = TabViewBottomButton.swift; sourceTree = "<group>"; };
		9FBE4FCB2B875AA900EA8ED7 /* ColorExt.swift */ = {isa = PBXFileReference; lastKnownFileType = sourcecode.swift; path = ColorExt.swift; sourceTree = "<group>"; };
		9FBE4FD02B883E1A00EA8ED7 /* PokedexTabView.swift */ = {isa = PBXFileReference; lastKnownFileType = sourcecode.swift; path = PokedexTabView.swift; sourceTree = "<group>"; };
		9FBE4FD22B883E4100EA8ED7 /* RegionTabView.swift */ = {isa = PBXFileReference; lastKnownFileType = sourcecode.swift; path = RegionTabView.swift; sourceTree = "<group>"; };
		9FBE4FD42B883E6300EA8ED7 /* ProfilePageView.swift */ = {isa = PBXFileReference; lastKnownFileType = sourcecode.swift; path = ProfilePageView.swift; sourceTree = "<group>"; };
		9FBE4FD82B883E8B00EA8ED7 /* FavoritePageView.swift */ = {isa = PBXFileReference; lastKnownFileType = sourcecode.swift; path = FavoritePageView.swift; sourceTree = "<group>"; };
		9FBE4FDB2B88D13400EA8ED7 /* ElementTypeInfo.swift */ = {isa = PBXFileReference; lastKnownFileType = sourcecode.swift; path = ElementTypeInfo.swift; sourceTree = "<group>"; };
		9FBE4FDD2B88D70B00EA8ED7 /* ElementTypeChip.swift */ = {isa = PBXFileReference; lastKnownFileType = sourcecode.swift; path = ElementTypeChip.swift; sourceTree = "<group>"; };
		9FD18FFD2B93FC0800196B2C /* IntExt.swift */ = {isa = PBXFileReference; lastKnownFileType = sourcecode.swift; path = IntExt.swift; sourceTree = "<group>"; };
		9FD18FFF2B940EC900196B2C /* StatusView.swift */ = {isa = PBXFileReference; lastKnownFileType = sourcecode.swift; path = StatusView.swift; sourceTree = "<group>"; };
		9FD705402B8AC08400CBFA42 /* ElementTypeCard.swift */ = {isa = PBXFileReference; lastKnownFileType = sourcecode.swift; path = ElementTypeCard.swift; sourceTree = "<group>"; };
		9FD705422B8AC3FC00CBFA42 /* PokemonInfo.swift */ = {isa = PBXFileReference; lastKnownFileType = sourcecode.swift; path = PokemonInfo.swift; sourceTree = "<group>"; };
		9FD705442B8AC47700CBFA42 /* AppData.swift */ = {isa = PBXFileReference; lastKnownFileType = sourcecode.swift; path = AppData.swift; sourceTree = "<group>"; };
		9FD705462B8ACCC700CBFA42 /* PokemonCard.swift */ = {isa = PBXFileReference; lastKnownFileType = sourcecode.swift; path = PokemonCard.swift; sourceTree = "<group>"; };
		9FE4B3AF2B99FF6800A2BDD8 /* PokemonDetailImageInfo.swift */ = {isa = PBXFileReference; lastKnownFileType = sourcecode.swift; path = PokemonDetailImageInfo.swift; sourceTree = "<group>"; };
		9FF67E132B9B56CE00C3D11D /* 1.gif */ = {isa = PBXFileReference; lastKnownFileType = image.gif; path = 1.gif; sourceTree = "<group>"; };
		9FF67E152B9B577E00C3D11D /* 3.gif */ = {isa = PBXFileReference; lastKnownFileType = image.gif; path = 3.gif; sourceTree = "<group>"; };
		9FF67E162B9B577E00C3D11D /* 2.gif */ = {isa = PBXFileReference; lastKnownFileType = image.gif; path = 2.gif; sourceTree = "<group>"; };
		9FF67E1A2B9B585C00C3D11D /* 4.gif */ = {isa = PBXFileReference; lastKnownFileType = image.gif; path = 4.gif; sourceTree = "<group>"; };
		9FF67E1B2B9B585C00C3D11D /* 5.gif */ = {isa = PBXFileReference; lastKnownFileType = image.gif; path = 5.gif; sourceTree = "<group>"; };
		9FF67E212B9B59A600C3D11D /* 6.gif */ = {isa = PBXFileReference; lastKnownFileType = image.gif; path = 6.gif; sourceTree = "<group>"; };
		BB3235B80A272FC51FB95E9E /* Pods_SwiftUIPokedex.framework */ = {isa = PBXFileReference; explicitFileType = wrapper.framework; includeInIndex = 0; path = Pods_SwiftUIPokedex.framework; sourceTree = BUILT_PRODUCTS_DIR; };
/* End PBXFileReference section */

/* Begin PBXFrameworksBuildPhase section */
		9F02651E2B84DF5F001F1AD3 /* Frameworks */ = {
			isa = PBXFrameworksBuildPhase;
			buildActionMask = 2147483647;
			files = (
				F0192B1063AB62DDDABBD6B0 /* Pods_SwiftUIPokedex.framework in Frameworks */,
			);
			runOnlyForDeploymentPostprocessing = 0;
		};
/* End PBXFrameworksBuildPhase section */

/* Begin PBXGroup section */
		5E5F39A93A56E8AF165A0723 /* Pods */ = {
			isa = PBXGroup;
			children = (
				506A47ADF2061A587B426D65 /* Pods-SwiftUIPokedex.debug.xcconfig */,
				085E89D6695E9431D893C417 /* Pods-SwiftUIPokedex.release.xcconfig */,
			);
			path = Pods;
			sourceTree = "<group>";
		};
		9F0265182B84DF5F001F1AD3 = {
			isa = PBXGroup;
			children = (
				9F0265322B84E0FF001F1AD3 /* README.md */,
				9F0265232B84DF5F001F1AD3 /* SwiftUIPokedex */,
				9F0265222B84DF5F001F1AD3 /* Products */,
				5E5F39A93A56E8AF165A0723 /* Pods */,
				FE839B45232B34D3434F5DDE /* Frameworks */,
			);
			sourceTree = "<group>";
		};
		9F0265222B84DF5F001F1AD3 /* Products */ = {
			isa = PBXGroup;
			children = (
				9F0265212B84DF5F001F1AD3 /* SwiftUIPokedex.app */,
			);
			name = Products;
			sourceTree = "<group>";
		};
		9F0265232B84DF5F001F1AD3 /* SwiftUIPokedex */ = {
			isa = PBXGroup;
			children = (
				9FD18FFC2B93FB4100196B2C /* gif */,
				9F44882D2B90A852005F0F96 /* Screen */,
				9FBE4FDA2B88D11000EA8ED7 /* Data */,
				9FBE4FCD2B883DAF00EA8ED7 /* Tabs */,
				9F0265242B84DF5F001F1AD3 /* SwiftUIPokedexApp.swift */,
				9F0265262B84DF5F001F1AD3 /* ContentView.swift */,
				9FBE4FCA2B875A9800EA8ED7 /* Util */,
				9FBE4FC72B874EF100EA8ED7 /* Components */,
				9FBE4FC62B874E0500EA8ED7 /* Info.plist */,
				9FBE4FC52B874D7F00EA8ED7 /* Fonts */,
				9F0265282B84DF60001F1AD3 /* Assets.xcassets */,
				9F02652A2B84DF60001F1AD3 /* Preview Content */,
			);
			path = SwiftUIPokedex;
			sourceTree = "<group>";
		};
		9F02652A2B84DF60001F1AD3 /* Preview Content */ = {
			isa = PBXGroup;
			children = (
				9F02652B2B84DF60001F1AD3 /* Preview Assets.xcassets */,
			);
			path = "Preview Content";
			sourceTree = "<group>";
		};
		9F44882D2B90A852005F0F96 /* Screen */ = {
			isa = PBXGroup;
			children = (
				9F44882E2B90B28F005F0F96 /* PokemonDetailScreen.swift */,
			);
			path = Screen;
			sourceTree = "<group>";
		};
		9FBE4FC52B874D7F00EA8ED7 /* Fonts */ = {
			isa = PBXGroup;
			children = (
				9FBE4FA82B874D6B00EA8ED7 /* Poppins-Black.ttf */,
				9FBE4FAE2B874D6B00EA8ED7 /* Poppins-Bold.ttf */,
				9FBE4FA92B874D6B00EA8ED7 /* Poppins-ExtraBold.ttf */,
				9FBE4FB22B874D6C00EA8ED7 /* Poppins-ExtraLight.ttf */,
				9FBE4FA12B874D6B00EA8ED7 /* Poppins-Light.ttf */,
				9FBE4FAA2B874D6B00EA8ED7 /* Poppins-Medium.ttf */,
				9FBE4FB12B874D6C00EA8ED7 /* Poppins-Regular.ttf */,
				9FBE4FA62B874D6B00EA8ED7 /* Poppins-SemiBold.ttf */,
				9FBE4FA22B874D6B00EA8ED7 /* Poppins-Thin.ttf */,
			);
			path = Fonts;
			sourceTree = "<group>";
		};
		9FBE4FC72B874EF100EA8ED7 /* Components */ = {
			isa = PBXGroup;
			children = (
				9FBE4FDD2B88D70B00EA8ED7 /* ElementTypeChip.swift */,
				9FD705402B8AC08400CBFA42 /* ElementTypeCard.swift */,
				9F07B8592B8C4C0D00BE905F /* SmallFavButton.swift */,
				9FD705462B8ACCC700CBFA42 /* PokemonCard.swift */,
				9FBE4FC82B874F1000EA8ED7 /* TabViewBottomButton.swift */,
				9FD18FFF2B940EC900196B2C /* StatusView.swift */,
				9F7161782B96E0A8007A66F5 /* StatusGroupView.swift */,
				9FABA33E2B99E2EB0053517D /* PokomonDetailImageView.swift */,
				9F0D5AFC2B9D436F001D7009 /* BackButton.swift */,
			);
			path = Components;
			sourceTree = "<group>";
		};
		9FBE4FCA2B875A9800EA8ED7 /* Util */ = {
			isa = PBXGroup;
			children = (
				9FBE4FCB2B875AA900EA8ED7 /* ColorExt.swift */,
				9FD18FFD2B93FC0800196B2C /* IntExt.swift */,
			);
			path = Util;
			sourceTree = "<group>";
		};
		9FBE4FCD2B883DAF00EA8ED7 /* Tabs */ = {
			isa = PBXGroup;
			children = (
				9FBE4FD02B883E1A00EA8ED7 /* PokedexTabView.swift */,
				9FBE4FD22B883E4100EA8ED7 /* RegionTabView.swift */,
				9FBE4FD42B883E6300EA8ED7 /* ProfilePageView.swift */,
				9FBE4FD82B883E8B00EA8ED7 /* FavoritePageView.swift */,
			);
			path = Tabs;
			sourceTree = "<group>";
		};
		9FBE4FDA2B88D11000EA8ED7 /* Data */ = {
			isa = PBXGroup;
			children = (
				9FBE4FDB2B88D13400EA8ED7 /* ElementTypeInfo.swift */,
				9FD705422B8AC3FC00CBFA42 /* PokemonInfo.swift */,
				9FD705442B8AC47700CBFA42 /* AppData.swift */,
				9FE4B3AF2B99FF6800A2BDD8 /* PokemonDetailImageInfo.swift */,
			);
			path = Data;
			sourceTree = "<group>";
		};
		9FD18FFC2B93FB4100196B2C /* gif */ = {
			isa = PBXGroup;
			children = (
				9FF67E132B9B56CE00C3D11D /* 1.gif */,
				9FF67E162B9B577E00C3D11D /* 2.gif */,
				9FF67E152B9B577E00C3D11D /* 3.gif */,
				9FF67E1A2B9B585C00C3D11D /* 4.gif */,
				9FF67E1B2B9B585C00C3D11D /* 5.gif */,
				9FF67E212B9B59A600C3D11D /* 6.gif */,
				9F0D5ADB2B9D36CE001D7009 /* 7.gif */,
				9F0D5AD12B9D36CE001D7009 /* 8.gif */,
				9F0D5AD92B9D36CE001D7009 /* 9.gif */,
				9F0D5AD52B9D36CE001D7009 /* 15.gif */,
				9F0D5AD02B9D36CE001D7009 /* 25.gif */,
				9F0D5ADC2B9D36CE001D7009 /* 35.gif */,
				9F0D5AD42B9D36CE001D7009 /* 51.gif */,
				9F0D5AD72B9D36CE001D7009 /* 95.gif */,
				9F0D5ADA2B9D36CE001D7009 /* 108.gif */,
				9F0D5AD62B9D36CE001D7009 /* 109.gif */,
				9F0D5AD22B9D36CE001D7009 /* 151.gif */,
				9F0D5AD82B9D36CE001D7009 /* 245.gif */,
				9F0D5AD32B9D36CE001D7009 /* 306.gif */,
				9F0D5AEA2B9D3754001D7009 /* 384.gif */,
				9F0D5AEB2B9D3754001D7009 /* 448.gif */,
				9F0D5AEC2B9D3754001D7009 /* 497.gif */,
				9F0D5AEF2B9D3754001D7009 /* 571.gif */,
				9F0D5AEE2B9D3754001D7009 /* 609.gif */,
				9F0D5AF02B9D3754001D7009 /* 613.gif */,
				9F0D5AED2B9D3754001D7009 /* 733.gif */,
			);
			path = gif;
			sourceTree = "<group>";
		};
		FE839B45232B34D3434F5DDE /* Frameworks */ = {
			isa = PBXGroup;
			children = (
				BB3235B80A272FC51FB95E9E /* Pods_SwiftUIPokedex.framework */,
			);
			name = Frameworks;
			sourceTree = "<group>";
		};
/* End PBXGroup section */

/* Begin PBXNativeTarget section */
		9F0265202B84DF5F001F1AD3 /* SwiftUIPokedex */ = {
			isa = PBXNativeTarget;
			buildConfigurationList = 9F02652F2B84DF60001F1AD3 /* Build configuration list for PBXNativeTarget "SwiftUIPokedex" */;
			buildPhases = (
				3DCE2EC08A4F6DC7E5AE8336 /* [CP] Check Pods Manifest.lock */,
				9F02651D2B84DF5F001F1AD3 /* Sources */,
				9F02651E2B84DF5F001F1AD3 /* Frameworks */,
				9F02651F2B84DF5F001F1AD3 /* Resources */,
				09B1CB97130B41E15D6BC95D /* [CP] Embed Pods Frameworks */,
			);
			buildRules = (
			);
			dependencies = (
			);
			name = SwiftUIPokedex;
			productName = SwiftUIPokedex;
			productReference = 9F0265212B84DF5F001F1AD3 /* SwiftUIPokedex.app */;
			productType = "com.apple.product-type.application";
		};
/* End PBXNativeTarget section */

/* Begin PBXProject section */
		9F0265192B84DF5F001F1AD3 /* Project object */ = {
			isa = PBXProject;
			attributes = {
				BuildIndependentTargetsInParallel = 1;
				LastSwiftUpdateCheck = 1500;
				LastUpgradeCheck = 1500;
				TargetAttributes = {
					9F0265202B84DF5F001F1AD3 = {
						CreatedOnToolsVersion = 15.0.1;
					};
				};
			};
			buildConfigurationList = 9F02651C2B84DF5F001F1AD3 /* Build configuration list for PBXProject "SwiftUIPokedex" */;
			compatibilityVersion = "Xcode 14.0";
			developmentRegion = en;
			hasScannedForEncodings = 0;
			knownRegions = (
				en,
				Base,
			);
			mainGroup = 9F0265182B84DF5F001F1AD3;
			productRefGroup = 9F0265222B84DF5F001F1AD3 /* Products */;
			projectDirPath = "";
			projectRoot = "";
			targets = (
				9F0265202B84DF5F001F1AD3 /* SwiftUIPokedex */,
			);
		};
/* End PBXProject section */

/* Begin PBXResourcesBuildPhase section */
		9F02651F2B84DF5F001F1AD3 /* Resources */ = {
			isa = PBXResourcesBuildPhase;
			buildActionMask = 2147483647;
			files = (
				9F0D5AE42B9D36CE001D7009 /* 95.gif in Resources */,
				9F0D5AF62B9D3754001D7009 /* 571.gif in Resources */,
				9FF67E1D2B9B585C00C3D11D /* 4.gif in Resources */,
				9F0265332B84E0FF001F1AD3 /* README.md in Resources */,
				9FBE4FC42B874D6C00EA8ED7 /* Poppins-ExtraLight.ttf in Resources */,
				9FBE4FBC2B874D6C00EA8ED7 /* Poppins-Medium.ttf in Resources */,
				9F02652C2B84DF60001F1AD3 /* Preview Assets.xcassets in Resources */,
				9F0D5AE82B9D36CE001D7009 /* 7.gif in Resources */,
				9FF67E142B9B56CE00C3D11D /* 1.gif in Resources */,
				9F0D5AE02B9D36CE001D7009 /* 306.gif in Resources */,
				9FBE4FBB2B874D6C00EA8ED7 /* Poppins-ExtraBold.ttf in Resources */,
				9F0D5AF42B9D3754001D7009 /* 733.gif in Resources */,
				9F0D5AF12B9D3754001D7009 /* 384.gif in Resources */,
				9F0D5AE52B9D36CE001D7009 /* 245.gif in Resources */,
				9F0D5AE22B9D36CE001D7009 /* 15.gif in Resources */,
				9F0D5ADD2B9D36CE001D7009 /* 25.gif in Resources */,
				9F0D5AE92B9D36CE001D7009 /* 35.gif in Resources */,
				9FF67E182B9B577E00C3D11D /* 2.gif in Resources */,
				9F0D5AE72B9D36CE001D7009 /* 108.gif in Resources */,
				9F0D5AF52B9D3754001D7009 /* 609.gif in Resources */,
				9F0D5ADE2B9D36CE001D7009 /* 8.gif in Resources */,
				9F0D5AE62B9D36CE001D7009 /* 9.gif in Resources */,
				9F0265292B84DF60001F1AD3 /* Assets.xcassets in Resources */,
				9FF67E222B9B59A600C3D11D /* 6.gif in Resources */,
				9F0D5ADF2B9D36CE001D7009 /* 151.gif in Resources */,
				9FBE4FB82B874D6C00EA8ED7 /* Poppins-SemiBold.ttf in Resources */,
				9FBE4FC02B874D6C00EA8ED7 /* Poppins-Bold.ttf in Resources */,
				9F0D5AF72B9D3754001D7009 /* 613.gif in Resources */,
				9F0D5AE12B9D36CE001D7009 /* 51.gif in Resources */,
				9FBE4FB32B874D6C00EA8ED7 /* Poppins-Light.ttf in Resources */,
				9F0D5AE32B9D36CE001D7009 /* 109.gif in Resources */,
				9FF67E1E2B9B585C00C3D11D /* 5.gif in Resources */,
				9FF67E172B9B577E00C3D11D /* 3.gif in Resources */,
				9F0D5AF32B9D3754001D7009 /* 497.gif in Resources */,
				9FBE4FBA2B874D6C00EA8ED7 /* Poppins-Black.ttf in Resources */,
				9F0D5AF22B9D3754001D7009 /* 448.gif in Resources */,
				9FBE4FB42B874D6C00EA8ED7 /* Poppins-Thin.ttf in Resources */,
				9FBE4FC32B874D6C00EA8ED7 /* Poppins-Regular.ttf in Resources */,
			);
			runOnlyForDeploymentPostprocessing = 0;
		};
/* End PBXResourcesBuildPhase section */

/* Begin PBXShellScriptBuildPhase section */
		09B1CB97130B41E15D6BC95D /* [CP] Embed Pods Frameworks */ = {
			isa = PBXShellScriptBuildPhase;
			buildActionMask = 2147483647;
			files = (
			);
			inputFileListPaths = (
				"${PODS_ROOT}/Target Support Files/Pods-SwiftUIPokedex/Pods-SwiftUIPokedex-frameworks-${CONFIGURATION}-input-files.xcfilelist",
			);
			name = "[CP] Embed Pods Frameworks";
			outputFileListPaths = (
				"${PODS_ROOT}/Target Support Files/Pods-SwiftUIPokedex/Pods-SwiftUIPokedex-frameworks-${CONFIGURATION}-output-files.xcfilelist",
			);
			runOnlyForDeploymentPostprocessing = 0;
			shellPath = /bin/sh;
			shellScript = "\"${PODS_ROOT}/Target Support Files/Pods-SwiftUIPokedex/Pods-SwiftUIPokedex-frameworks.sh\"\n";
			showEnvVarsInLog = 0;
		};
		3DCE2EC08A4F6DC7E5AE8336 /* [CP] Check Pods Manifest.lock */ = {
			isa = PBXShellScriptBuildPhase;
			buildActionMask = 2147483647;
			files = (
			);
			inputFileListPaths = (
			);
			inputPaths = (
				"${PODS_PODFILE_DIR_PATH}/Podfile.lock",
				"${PODS_ROOT}/Manifest.lock",
			);
			name = "[CP] Check Pods Manifest.lock";
			outputFileListPaths = (
			);
			outputPaths = (
				"$(DERIVED_FILE_DIR)/Pods-SwiftUIPokedex-checkManifestLockResult.txt",
			);
			runOnlyForDeploymentPostprocessing = 0;
			shellPath = /bin/sh;
			shellScript = "diff \"${PODS_PODFILE_DIR_PATH}/Podfile.lock\" \"${PODS_ROOT}/Manifest.lock\" > /dev/null\nif [ $? != 0 ] ; then\n    # print error to STDERR\n    echo \"error: The sandbox is not in sync with the Podfile.lock. Run 'pod install' or update your CocoaPods installation.\" >&2\n    exit 1\nfi\n# This output is used by Xcode 'outputs' to avoid re-running this script phase.\necho \"SUCCESS\" > \"${SCRIPT_OUTPUT_FILE_0}\"\n";
			showEnvVarsInLog = 0;
		};
/* End PBXShellScriptBuildPhase section */

/* Begin PBXSourcesBuildPhase section */
		9F02651D2B84DF5F001F1AD3 /* Sources */ = {
			isa = PBXSourcesBuildPhase;
			buildActionMask = 2147483647;
			files = (
				9F44882F2B90B28F005F0F96 /* PokemonDetailScreen.swift in Sources */,
				9FD705452B8AC47700CBFA42 /* AppData.swift in Sources */,
				9F7161792B96E0A8007A66F5 /* StatusGroupView.swift in Sources */,
				9F07B85A2B8C4C0D00BE905F /* SmallFavButton.swift in Sources */,
				9FBE4FDE2B88D70B00EA8ED7 /* ElementTypeChip.swift in Sources */,
				9FD18FFE2B93FC0800196B2C /* IntExt.swift in Sources */,
				9F0265272B84DF5F001F1AD3 /* ContentView.swift in Sources */,
				9FBE4FD92B883E8B00EA8ED7 /* FavoritePageView.swift in Sources */,
				9FD190002B940EC900196B2C /* StatusView.swift in Sources */,
				9F0D5AFD2B9D436F001D7009 /* BackButton.swift in Sources */,
				9FBE4FCC2B875AA900EA8ED7 /* ColorExt.swift in Sources */,
				9F0265252B84DF5F001F1AD3 /* SwiftUIPokedexApp.swift in Sources */,
				9FD705432B8AC3FC00CBFA42 /* PokemonInfo.swift in Sources */,
				9FBE4FDC2B88D13400EA8ED7 /* ElementTypeInfo.swift in Sources */,
				9FBE4FD12B883E1A00EA8ED7 /* PokedexTabView.swift in Sources */,
				9FABA33F2B99E2EB0053517D /* PokomonDetailImageView.swift in Sources */,
				9FBE4FC92B874F1000EA8ED7 /* TabViewBottomButton.swift in Sources */,
				9FD705412B8AC08400CBFA42 /* ElementTypeCard.swift in Sources */,
				9FE4B3B02B99FF6800A2BDD8 /* PokemonDetailImageInfo.swift in Sources */,
				9FBE4FD32B883E4100EA8ED7 /* RegionTabView.swift in Sources */,
				9FBE4FD52B883E6300EA8ED7 /* ProfilePageView.swift in Sources */,
				9FD705472B8ACCC700CBFA42 /* PokemonCard.swift in Sources */,
			);
			runOnlyForDeploymentPostprocessing = 0;
		};
/* End PBXSourcesBuildPhase section */

/* Begin XCBuildConfiguration section */
		9F02652D2B84DF60001F1AD3 /* Debug */ = {
			isa = XCBuildConfiguration;
			buildSettings = {
				ALWAYS_SEARCH_USER_PATHS = NO;
				ASSETCATALOG_COMPILER_GENERATE_SWIFT_ASSET_SYMBOL_EXTENSIONS = YES;
				CLANG_ANALYZER_NONNULL = YES;
				CLANG_ANALYZER_NUMBER_OBJECT_CONVERSION = YES_AGGRESSIVE;
				CLANG_CXX_LANGUAGE_STANDARD = "gnu++20";
				CLANG_ENABLE_MODULES = YES;
				CLANG_ENABLE_OBJC_ARC = YES;
				CLANG_ENABLE_OBJC_WEAK = YES;
				CLANG_WARN_BLOCK_CAPTURE_AUTORELEASING = YES;
				CLANG_WARN_BOOL_CONVERSION = YES;
				CLANG_WARN_COMMA = YES;
				CLANG_WARN_CONSTANT_CONVERSION = YES;
				CLANG_WARN_DEPRECATED_OBJC_IMPLEMENTATIONS = YES;
				CLANG_WARN_DIRECT_OBJC_ISA_USAGE = YES_ERROR;
				CLANG_WARN_DOCUMENTATION_COMMENTS = YES;
				CLANG_WARN_EMPTY_BODY = YES;
				CLANG_WARN_ENUM_CONVERSION = YES;
				CLANG_WARN_INFINITE_RECURSION = YES;
				CLANG_WARN_INT_CONVERSION = YES;
				CLANG_WARN_NON_LITERAL_NULL_CONVERSION = YES;
				CLANG_WARN_OBJC_IMPLICIT_RETAIN_SELF = YES;
				CLANG_WARN_OBJC_LITERAL_CONVERSION = YES;
				CLANG_WARN_OBJC_ROOT_CLASS = YES_ERROR;
				CLANG_WARN_QUOTED_INCLUDE_IN_FRAMEWORK_HEADER = YES;
				CLANG_WARN_RANGE_LOOP_ANALYSIS = YES;
				CLANG_WARN_STRICT_PROTOTYPES = YES;
				CLANG_WARN_SUSPICIOUS_MOVE = YES;
				CLANG_WARN_UNGUARDED_AVAILABILITY = YES_AGGRESSIVE;
				CLANG_WARN_UNREACHABLE_CODE = YES;
				CLANG_WARN__DUPLICATE_METHOD_MATCH = YES;
				COPY_PHASE_STRIP = NO;
				DEBUG_INFORMATION_FORMAT = dwarf;
				ENABLE_STRICT_OBJC_MSGSEND = YES;
				ENABLE_TESTABILITY = YES;
				ENABLE_USER_SCRIPT_SANDBOXING = NO;
				GCC_C_LANGUAGE_STANDARD = gnu17;
				GCC_DYNAMIC_NO_PIC = NO;
				GCC_NO_COMMON_BLOCKS = YES;
				GCC_OPTIMIZATION_LEVEL = 0;
				GCC_PREPROCESSOR_DEFINITIONS = (
					"DEBUG=1",
					"$(inherited)",
				);
				GCC_WARN_64_TO_32_BIT_CONVERSION = YES;
				GCC_WARN_ABOUT_RETURN_TYPE = YES_ERROR;
				GCC_WARN_UNDECLARED_SELECTOR = YES;
				GCC_WARN_UNINITIALIZED_AUTOS = YES_AGGRESSIVE;
				GCC_WARN_UNUSED_FUNCTION = YES;
				GCC_WARN_UNUSED_VARIABLE = YES;
				IPHONEOS_DEPLOYMENT_TARGET = 15.0;
				LOCALIZATION_PREFERS_STRING_CATALOGS = YES;
				MTL_ENABLE_DEBUG_INFO = INCLUDE_SOURCE;
				MTL_FAST_MATH = YES;
				ONLY_ACTIVE_ARCH = YES;
				SDKROOT = iphoneos;
				SWIFT_ACTIVE_COMPILATION_CONDITIONS = "DEBUG $(inherited)";
				SWIFT_OPTIMIZATION_LEVEL = "-Onone";
			};
			name = Debug;
		};
		9F02652E2B84DF60001F1AD3 /* Release */ = {
			isa = XCBuildConfiguration;
			buildSettings = {
				ALWAYS_SEARCH_USER_PATHS = NO;
				ASSETCATALOG_COMPILER_GENERATE_SWIFT_ASSET_SYMBOL_EXTENSIONS = YES;
				CLANG_ANALYZER_NONNULL = YES;
				CLANG_ANALYZER_NUMBER_OBJECT_CONVERSION = YES_AGGRESSIVE;
				CLANG_CXX_LANGUAGE_STANDARD = "gnu++20";
				CLANG_ENABLE_MODULES = YES;
				CLANG_ENABLE_OBJC_ARC = YES;
				CLANG_ENABLE_OBJC_WEAK = YES;
				CLANG_WARN_BLOCK_CAPTURE_AUTORELEASING = YES;
				CLANG_WARN_BOOL_CONVERSION = YES;
				CLANG_WARN_COMMA = YES;
				CLANG_WARN_CONSTANT_CONVERSION = YES;
				CLANG_WARN_DEPRECATED_OBJC_IMPLEMENTATIONS = YES;
				CLANG_WARN_DIRECT_OBJC_ISA_USAGE = YES_ERROR;
				CLANG_WARN_DOCUMENTATION_COMMENTS = YES;
				CLANG_WARN_EMPTY_BODY = YES;
				CLANG_WARN_ENUM_CONVERSION = YES;
				CLANG_WARN_INFINITE_RECURSION = YES;
				CLANG_WARN_INT_CONVERSION = YES;
				CLANG_WARN_NON_LITERAL_NULL_CONVERSION = YES;
				CLANG_WARN_OBJC_IMPLICIT_RETAIN_SELF = YES;
				CLANG_WARN_OBJC_LITERAL_CONVERSION = YES;
				CLANG_WARN_OBJC_ROOT_CLASS = YES_ERROR;
				CLANG_WARN_QUOTED_INCLUDE_IN_FRAMEWORK_HEADER = YES;
				CLANG_WARN_RANGE_LOOP_ANALYSIS = YES;
				CLANG_WARN_STRICT_PROTOTYPES = YES;
				CLANG_WARN_SUSPICIOUS_MOVE = YES;
				CLANG_WARN_UNGUARDED_AVAILABILITY = YES_AGGRESSIVE;
				CLANG_WARN_UNREACHABLE_CODE = YES;
				CLANG_WARN__DUPLICATE_METHOD_MATCH = YES;
				COPY_PHASE_STRIP = NO;
				DEBUG_INFORMATION_FORMAT = "dwarf-with-dsym";
				ENABLE_NS_ASSERTIONS = NO;
				ENABLE_STRICT_OBJC_MSGSEND = YES;
				ENABLE_USER_SCRIPT_SANDBOXING = NO;
				GCC_C_LANGUAGE_STANDARD = gnu17;
				GCC_NO_COMMON_BLOCKS = YES;
				GCC_WARN_64_TO_32_BIT_CONVERSION = YES;
				GCC_WARN_ABOUT_RETURN_TYPE = YES_ERROR;
				GCC_WARN_UNDECLARED_SELECTOR = YES;
				GCC_WARN_UNINITIALIZED_AUTOS = YES_AGGRESSIVE;
				GCC_WARN_UNUSED_FUNCTION = YES;
				GCC_WARN_UNUSED_VARIABLE = YES;
				IPHONEOS_DEPLOYMENT_TARGET = 15.0;
				LOCALIZATION_PREFERS_STRING_CATALOGS = YES;
				MTL_ENABLE_DEBUG_INFO = NO;
				MTL_FAST_MATH = YES;
				SDKROOT = iphoneos;
				SWIFT_COMPILATION_MODE = wholemodule;
				VALIDATE_PRODUCT = YES;
			};
			name = Release;
		};
		9F0265302B84DF60001F1AD3 /* Debug */ = {
			isa = XCBuildConfiguration;
			baseConfigurationReference = 506A47ADF2061A587B426D65 /* Pods-SwiftUIPokedex.debug.xcconfig */;
			buildSettings = {
				ASSETCATALOG_COMPILER_APPICON_NAME = AppIcon;
				ASSETCATALOG_COMPILER_GLOBAL_ACCENT_COLOR_NAME = AccentColor;
				CODE_SIGN_STYLE = Automatic;
				CURRENT_PROJECT_VERSION = 1;
				DEVELOPMENT_ASSET_PATHS = "\"SwiftUIPokedex/Preview Content\"";
				DEVELOPMENT_TEAM = 2R5M774GJ7;
				ENABLE_PREVIEWS = YES;
				GENERATE_INFOPLIST_FILE = YES;
				INFOPLIST_FILE = SwiftUIPokedex/Info.plist;
				INFOPLIST_KEY_UIApplicationSceneManifest_Generation = YES;
				INFOPLIST_KEY_UIApplicationSupportsIndirectInputEvents = YES;
				INFOPLIST_KEY_UILaunchScreen_Generation = YES;
				INFOPLIST_KEY_UISupportedInterfaceOrientations_iPad = "UIInterfaceOrientationPortrait UIInterfaceOrientationPortraitUpsideDown UIInterfaceOrientationLandscapeLeft UIInterfaceOrientationLandscapeRight";
				INFOPLIST_KEY_UISupportedInterfaceOrientations_iPhone = "UIInterfaceOrientationPortrait UIInterfaceOrientationLandscapeLeft UIInterfaceOrientationLandscapeRight";
				IPHONEOS_DEPLOYMENT_TARGET = 15.0;
				LD_RUNPATH_SEARCH_PATHS = (
					"$(inherited)",
					"@executable_path/Frameworks",
				);
				MARKETING_VERSION = 1.0;
				PRODUCT_BUNDLE_IDENTIFIER = com.origogi.pokedex.SwiftUIPokedex;
				PRODUCT_NAME = "$(TARGET_NAME)";
				SWIFT_EMIT_LOC_STRINGS = YES;
				SWIFT_VERSION = 5.0;
				TARGETED_DEVICE_FAMILY = "1,2";
			};
			name = Debug;
		};
		9F0265312B84DF60001F1AD3 /* Release */ = {
			isa = XCBuildConfiguration;
			baseConfigurationReference = 085E89D6695E9431D893C417 /* Pods-SwiftUIPokedex.release.xcconfig */;
			buildSettings = {
				ASSETCATALOG_COMPILER_APPICON_NAME = AppIcon;
				ASSETCATALOG_COMPILER_GLOBAL_ACCENT_COLOR_NAME = AccentColor;
				CODE_SIGN_STYLE = Automatic;
				CURRENT_PROJECT_VERSION = 1;
				DEVELOPMENT_ASSET_PATHS = "\"SwiftUIPokedex/Preview Content\"";
				DEVELOPMENT_TEAM = 2R5M774GJ7;
				ENABLE_PREVIEWS = YES;
				GENERATE_INFOPLIST_FILE = YES;
				INFOPLIST_FILE = SwiftUIPokedex/Info.plist;
				INFOPLIST_KEY_UIApplicationSceneManifest_Generation = YES;
				INFOPLIST_KEY_UIApplicationSupportsIndirectInputEvents = YES;
				INFOPLIST_KEY_UILaunchScreen_Generation = YES;
				INFOPLIST_KEY_UISupportedInterfaceOrientations_iPad = "UIInterfaceOrientationPortrait UIInterfaceOrientationPortraitUpsideDown UIInterfaceOrientationLandscapeLeft UIInterfaceOrientationLandscapeRight";
				INFOPLIST_KEY_UISupportedInterfaceOrientations_iPhone = "UIInterfaceOrientationPortrait UIInterfaceOrientationLandscapeLeft UIInterfaceOrientationLandscapeRight";
				IPHONEOS_DEPLOYMENT_TARGET = 15.0;
				LD_RUNPATH_SEARCH_PATHS = (
					"$(inherited)",
					"@executable_path/Frameworks",
				);
				MARKETING_VERSION = 1.0;
				PRODUCT_BUNDLE_IDENTIFIER = com.origogi.pokedex.SwiftUIPokedex;
				PRODUCT_NAME = "$(TARGET_NAME)";
				SWIFT_EMIT_LOC_STRINGS = YES;
				SWIFT_VERSION = 5.0;
				TARGETED_DEVICE_FAMILY = "1,2";
			};
			name = Release;
		};
/* End XCBuildConfiguration section */

/* Begin XCConfigurationList section */
		9F02651C2B84DF5F001F1AD3 /* Build configuration list for PBXProject "SwiftUIPokedex" */ = {
			isa = XCConfigurationList;
			buildConfigurations = (
				9F02652D2B84DF60001F1AD3 /* Debug */,
				9F02652E2B84DF60001F1AD3 /* Release */,
			);
			defaultConfigurationIsVisible = 0;
			defaultConfigurationName = Release;
		};
		9F02652F2B84DF60001F1AD3 /* Build configuration list for PBXNativeTarget "SwiftUIPokedex" */ = {
			isa = XCConfigurationList;
			buildConfigurations = (
				9F0265302B84DF60001F1AD3 /* Debug */,
				9F0265312B84DF60001F1AD3 /* Release */,
			);
			defaultConfigurationIsVisible = 0;
			defaultConfigurationName = Release;
		};
/* End XCConfigurationList section */
	};
	rootObject = 9F0265192B84DF5F001F1AD3 /* Project object */;
}
